// !$*UTF8*$!
{
	archiveVersion = 1;
	classes = {
	};
	objectVersion = 77;
	objects = {

/* Begin PBXBuildFile section */
		023492C87675C8FF7964DA24 /* LicenseText-WTFPL.txt in Resources */ = {isa = PBXBuildFile; fileRef = 6CE2A60423950407199EAB30 /* LicenseText-WTFPL.txt */; };
		028099001DBBB6965F41775D /* DiagnosticsLog.swift in Sources */ = {isa = PBXBuildFile; fileRef = 03FFD1A6AA0793487A486CBB /* DiagnosticsLog.swift */; };
		0333AD9CE5F4E72BEF0285DA /* LicenseText-LGPL-2.1.txt in Resources */ = {isa = PBXBuildFile; fileRef = F4D42E8E69C213FC5252D867 /* LicenseText-LGPL-2.1.txt */; };
		036CDF97E55D38E210922056 /* NowPlayingTextTests.swift in Sources */ = {isa = PBXBuildFile; fileRef = 8FCDFE4C1B93640EA9246DEB /* NowPlayingTextTests.swift */; };
		0401C2F315A2813171D5A46C /* NowPlayingText.swift in Sources */ = {isa = PBXBuildFile; fileRef = BF037FE3C070110E14F06FE3 /* NowPlayingText.swift */; };
		0975C09419C53B671E23A204 /* NowPlayingView.swift in Sources */ = {isa = PBXBuildFile; fileRef = 7EB60DA84476981F3BE35319 /* NowPlayingView.swift */; };
		0A32436687A3A4717EF3407F /* PlayerHostController+PiP.swift in Sources */ = {isa = PBXBuildFile; fileRef = BC925D4282CAE12C28EFE9B9 /* PlayerHostController+PiP.swift */; };
		0A4E878FB8441E513ED83325 /* PlayerViewModel.swift in Sources */ = {isa = PBXBuildFile; fileRef = 5BD1AA1DA044FD139582A22E /* PlayerViewModel.swift */; };
		0A7B9E2F1BBD91E2EFF06045 /* RecentItem.swift in Sources */ = {isa = PBXBuildFile; fileRef = 088343A60DB6EE54335AD638 /* RecentItem.swift */; };
		0ABF90989D5F4FEF0E784B11 /* NowPlayingView.swift in Sources */ = {isa = PBXBuildFile; fileRef = 7EB60DA84476981F3BE35319 /* NowPlayingView.swift */; };
		0CD6631D47CFC045789FC4DA /* SubtitleLayout.swift in Sources */ = {isa = PBXBuildFile; fileRef = F280F56F19B82579EFD6A016 /* SubtitleLayout.swift */; };
		0D4A41E95DB1C26A106EFB46 /* SubtitleLayout.swift in Sources */ = {isa = PBXBuildFile; fileRef = F280F56F19B82579EFD6A016 /* SubtitleLayout.swift */; };
		0DF571E0B19DA9A63AB44B6F /* SwiftAssRenderer in Frameworks */ = {isa = PBXBuildFile; productRef = BE6437A6A5492A09DB0741D8 /* SwiftAssRenderer */; };
		0E61B5EFDD054E377E4AE488 /* NowPlayingInfo.swift in Sources */ = {isa = PBXBuildFile; fileRef = DC2838BBF6A13734278373BC /* NowPlayingInfo.swift */; };
		0E7442C01B8D5738C875055B /* RecentsThumbnailProvider.swift in Sources */ = {isa = PBXBuildFile; fileRef = E0321F9F3D323D122E187C9A /* RecentsThumbnailProvider.swift */; };
		1061AE0E656EBCE11C1A75A3 /* SubtitleOverlayView.swift in Sources */ = {isa = PBXBuildFile; fileRef = 30CBB7CB72F838E6878B5617 /* SubtitleOverlayView.swift */; };
		114FD717759E8C421CF01A0A /* LogTimestampTests.swift in Sources */ = {isa = PBXBuildFile; fileRef = 19A863B99CD855FB7381892A /* LogTimestampTests.swift */; };
		130A7797F12AECD9B3FDCE8D /* OpenSourceLicenses.swift in Sources */ = {isa = PBXBuildFile; fileRef = B0747DCD5601C0B338075AEB /* OpenSourceLicenses.swift */; };
		13505784F0D81A752DAD2523 /* AutoHide.swift in Sources */ = {isa = PBXBuildFile; fileRef = E8A25FC6F24413CB30BBB817 /* AutoHide.swift */; };
		138F23A7937B52B5BF585705 /* DocumentOpen.swift in Sources */ = {isa = PBXBuildFile; fileRef = 863C992E993CB1A4B04430D1 /* DocumentOpen.swift */; };
		1398F80589624C2DDB808EAB /* TrackMenuModel.swift in Sources */ = {isa = PBXBuildFile; fileRef = 9E0203CEACD715E2952920A0 /* TrackMenuModel.swift */; };
		162B39F9E7DCBCFC7D3B2D75 /* PlayerOrientation.swift in Sources */ = {isa = PBXBuildFile; fileRef = 9F6870E719B7D65D4D1221C0 /* PlayerOrientation.swift */; };
		1808B2BFE519790FEA820335 /* LicenseText-ISC-libass.txt in Resources */ = {isa = PBXBuildFile; fileRef = 8259CDF81F750CA5F89DC1DA /* LicenseText-ISC-libass.txt */; };
		187A2F66EA1F6D73C59389D6 /* AetherPlayerApp.swift in Sources */ = {isa = PBXBuildFile; fileRef = 0044E627C4FAE4B1B16C2D88 /* AetherPlayerApp.swift */; };
		193A5B4F072BD18CFD783961 /* StatsInspectorView.swift in Sources */ = {isa = PBXBuildFile; fileRef = 7A6A849203457466945B5B25 /* StatsInspectorView.swift */; };
		19E322325DD76EF4471FD1D8 /* StatsFormat.swift in Sources */ = {isa = PBXBuildFile; fileRef = 359C1A26BC80A9CB3E38E842 /* StatsFormat.swift */; };
		1A74F5276AE862228E7EED16 /* AppIcon.icon in Resources */ = {isa = PBXBuildFile; fileRef = 91970F7F30F2FBA31644A28A /* AppIcon.icon */; };
		1B1CB77A6A2A6EB7E4AEE676 /* LicenseText-dav1d.txt in Resources */ = {isa = PBXBuildFile; fileRef = E9EFC745F474D4251FDF2AD6 /* LicenseText-dav1d.txt */; };
		1C33BDD5BEDDFE584C6D4287 /* AudioDetection.swift in Sources */ = {isa = PBXBuildFile; fileRef = 55EDD8AACE0F8656B606E9E3 /* AudioDetection.swift */; };
		1DDFAA489E7CE4BA872352D8 /* AudioDetectionTests.swift in Sources */ = {isa = PBXBuildFile; fileRef = E5346095CF8225533FDB6373 /* AudioDetectionTests.swift */; };
		1DF4F4C0E7DE15BBFF2D1021 /* LogTimestamp.swift in Sources */ = {isa = PBXBuildFile; fileRef = A4A25FF62225E199063C147C /* LogTimestamp.swift */; };
		20C7302CD11CD131C2B132E5 /* PlatformImage.swift in Sources */ = {isa = PBXBuildFile; fileRef = 46C81900DCA15871E1EDA920 /* PlatformImage.swift */; };
		20E393781BCC716045ADB41B /* ResumeToastView.swift in Sources */ = {isa = PBXBuildFile; fileRef = 94A41313B2B883A8EF3F25B1 /* ResumeToastView.swift */; };
		25487DEF0B29CDCD57EDAAA4 /* SubtitleLayout.swift in Sources */ = {isa = PBXBuildFile; fileRef = F280F56F19B82579EFD6A016 /* SubtitleLayout.swift */; };
		258B3112C7C258E4A1B53779 /* PlayerChrome.swift in Sources */ = {isa = PBXBuildFile; fileRef = 77C9F4C51129E595CAEFB615 /* PlayerChrome.swift */; };
		264EFF0B1FEE74DB7BAD2182 /* TracksPopoverLayout.swift in Sources */ = {isa = PBXBuildFile; fileRef = A3D408FE0AD42CD1C921A2CC /* TracksPopoverLayout.swift */; };
		2BBF2825AE3E822E2771F1E1 /* AetherEngine in Frameworks */ = {isa = PBXBuildFile; productRef = BE33BD5FE909AF50F8938376 /* AetherEngine */; };
		2C82071271B037597ED7C92B /* ResumeToastView.swift in Sources */ = {isa = PBXBuildFile; fileRef = 94A41313B2B883A8EF3F25B1 /* ResumeToastView.swift */; };
		2CD508BDC3CED7F4DCD3C12F /* FrameHelpers.swift in Sources */ = {isa = PBXBuildFile; fileRef = 07527B623022238E917E772C /* FrameHelpers.swift */; };
		2EE125C67E5A5BE2D65A70BE /* TracksPopoverLayout.swift in Sources */ = {isa = PBXBuildFile; fileRef = A3D408FE0AD42CD1C921A2CC /* TracksPopoverLayout.swift */; };
		30677DDDB2990A223FB881EC /* TracksPopover.swift in Sources */ = {isa = PBXBuildFile; fileRef = D2588343DEF8BDD7262D38D0 /* TracksPopover.swift */; };
		30EF435C47FB2C2E9DF993E0 /* Assets.xcassets in Resources */ = {isa = PBXBuildFile; fileRef = E06ADC032DFF906EFCD8C903 /* Assets.xcassets */; };
		330228AA75729CAD9B3D0167 /* ASSSubtitleFrameView.swift in Sources */ = {isa = PBXBuildFile; fileRef = 65874C404DF9FC1FFD48D734 /* ASSSubtitleFrameView.swift */; };
		34D63DB228C12BE4D7334019 /* LicenseText-MIT.txt in Resources */ = {isa = PBXBuildFile; fileRef = 0A52E853D2B9309688FDC9C9 /* LicenseText-MIT.txt */; };
		350A66F332222428C8D1526C /* AetherEngine in Frameworks */ = {isa = PBXBuildFile; productRef = 1C268231D2F08158858A8C07 /* AetherEngine */; };
		3515A5F2FDC45748DF70C565 /* SwiftAssRenderer in Frameworks */ = {isa = PBXBuildFile; productRef = 0734913DE5C72B0DC55B26F0 /* SwiftAssRenderer */; };
		3573351499DFA82C74C4E70A /* RecentsStore.swift in Sources */ = {isa = PBXBuildFile; fileRef = 6830DEE6BFE30DE2D65F8E30 /* RecentsStore.swift */; };
		35FDDA2770B32B1ED5A91BB6 /* LicenseText-AetherEngine.txt in Resources */ = {isa = PBXBuildFile; fileRef = 7B7B61B417291C603619BD6A /* LicenseText-AetherEngine.txt */; };
		362709B283E545590B3A093D /* NowPlayingController.swift in Sources */ = {isa = PBXBuildFile; fileRef = 217C351450619AFE9A1BCEA8 /* NowPlayingController.swift */; };
		373DBBF1691967813DC0EF32 /* OpenURLSheet.swift in Sources */ = {isa = PBXBuildFile; fileRef = 06821F89AD260A5F822118F3 /* OpenURLSheet.swift */; };
		37A084ACC8457457E9CDEEDA /* TrackMenuModel.swift in Sources */ = {isa = PBXBuildFile; fileRef = 9E0203CEACD715E2952920A0 /* TrackMenuModel.swift */; };
		38AF4F9F77C542A1F2952463 /* ForegroundReloadGateTests.swift in Sources */ = {isa = PBXBuildFile; fileRef = 14E3BEA0F6A5842235C3F9CD /* ForegroundReloadGateTests.swift */; };
		39E6A99680721D8C5E958EF4 /* Playlist.swift in Sources */ = {isa = PBXBuildFile; fileRef = E8CA4926E8D060AEB32D7726 /* Playlist.swift */; };
		3BA68305878BD9ED17B82F90 /* Theme.swift in Sources */ = {isa = PBXBuildFile; fileRef = 3476E467BD2ECDE79034721F /* Theme.swift */; };
		3F28E327585F5EA23B90C03C /* PlayerPresenter.swift in Sources */ = {isa = PBXBuildFile; fileRef = 66AC25205E8861A04AF4FBA5 /* PlayerPresenter.swift */; };
		3F8D429EA937F104E52CFC4B /* TimecodeTests.swift in Sources */ = {isa = PBXBuildFile; fileRef = 233D66079A84FB8F2D75E290 /* TimecodeTests.swift */; };
		4146AF57E279F59BE5E52468 /* LicensesView.swift in Sources */ = {isa = PBXBuildFile; fileRef = 7F99359DAFB704DD01AA498A /* LicensesView.swift */; };
		4209E251F54A8DBB85434FD6 /* Theme.swift in Sources */ = {isa = PBXBuildFile; fileRef = 3476E467BD2ECDE79034721F /* Theme.swift */; };
		4406DB7A9F0C551BB256BD91 /* MediaURLValidation.swift in Sources */ = {isa = PBXBuildFile; fileRef = E539D00C05E8347B2ECB7D7B /* MediaURLValidation.swift */; };
		462A3970A6365C009F6BCDA7 /* PlayerContainerView.swift in Sources */ = {isa = PBXBuildFile; fileRef = 16395C04CD0A2CB440938CFB /* PlayerContainerView.swift */; };
		4660BF300099999142660CF0 /* AudioDetection.swift in Sources */ = {isa = PBXBuildFile; fileRef = 55EDD8AACE0F8656B606E9E3 /* AudioDetection.swift */; };
		4901A590916A5CF70AADF663 /* Playlist.swift in Sources */ = {isa = PBXBuildFile; fileRef = E8CA4926E8D060AEB32D7726 /* Playlist.swift */; };
		4A71DA3A94B198C4FB5C08C4 /* LicenseText-ISC-libass.txt in Resources */ = {isa = PBXBuildFile; fileRef = 8259CDF81F750CA5F89DC1DA /* LicenseText-ISC-libass.txt */; };
		4B733D3EE962EFF60E10AFAD /* PlayerHUD.swift in Sources */ = {isa = PBXBuildFile; fileRef = 6093AE89E2B49F7AC939DDB6 /* PlayerHUD.swift */; };
		4C71E1474197353B4AEC5330 /* LicenseText-dav1d.txt in Resources */ = {isa = PBXBuildFile; fileRef = E9EFC745F474D4251FDF2AD6 /* LicenseText-dav1d.txt */; };
		4E936A219A9F5FD42FAFC384 /* DiagnosticsShare.swift in Sources */ = {isa = PBXBuildFile; fileRef = 7C626EB46E30AD40CB83A265 /* DiagnosticsShare.swift */; };
		4EA859026A2842AC528B7952 /* AutoHide.swift in Sources */ = {isa = PBXBuildFile; fileRef = E8A25FC6F24413CB30BBB817 /* AutoHide.swift */; };
		4FBC90EFE8D3C7125CDE6DD6 /* AetherPlayerApp.swift in Sources */ = {isa = PBXBuildFile; fileRef = 0044E627C4FAE4B1B16C2D88 /* AetherPlayerApp.swift */; };
		52644B403EB3A37512677022 /* Timecode.swift in Sources */ = {isa = PBXBuildFile; fileRef = 5B9B310577BF206A568A8F47 /* Timecode.swift */; };
		572D5FAD5C03C7F13B58BA15 /* PlayerTouchInputTests.swift in Sources */ = {isa = PBXBuildFile; fileRef = 342602BC0F8621EDFB112B64 /* PlayerTouchInputTests.swift */; };
		58218A40E717B64F04E6F472 /* ResumePolicy.swift in Sources */ = {isa = PBXBuildFile; fileRef = 8AD4FFC87F22BB68E2FFECDC /* ResumePolicy.swift */; };
		59293256F0AD6AA17DEA2B50 /* SubtitleOverlayView.swift in Sources */ = {isa = PBXBuildFile; fileRef = 30CBB7CB72F838E6878B5617 /* SubtitleOverlayView.swift */; };
		5B33F227320280EB2995FA41 /* BitmapSubtitleCanvasTests.swift in Sources */ = {isa = PBXBuildFile; fileRef = 9354E29DB6BBFF101FA2E23F /* BitmapSubtitleCanvasTests.swift */; };
		5C509DE684E6B3A51CE7F6A3 /* LicenseText-dav1d.txt in Resources */ = {isa = PBXBuildFile; fileRef = E9EFC745F474D4251FDF2AD6 /* LicenseText-dav1d.txt */; };
		5D826606C9A0AC62C00DD0D2 /* ForegroundReloadGate.swift in Sources */ = {isa = PBXBuildFile; fileRef = 8BEDD6CAEF150A1D2B101F70 /* ForegroundReloadGate.swift */; };
		5DC3C06DB2CE5395C9501A18 /* ScrubPreviewProvider.swift in Sources */ = {isa = PBXBuildFile; fileRef = 18D74A200D967B8F7F8FCCFE /* ScrubPreviewProvider.swift */; };
		5E65582A7608F355C9DAF31B /* EmptyStateView.swift in Sources */ = {isa = PBXBuildFile; fileRef = 6F5A68802EC677C97886B469 /* EmptyStateView.swift */; };
		5E9BE7FA8BCC960287C1C77B /* OpenSourceLicenses.swift in Sources */ = {isa = PBXBuildFile; fileRef = B0747DCD5601C0B338075AEB /* OpenSourceLicenses.swift */; };
		5F7EB14E2389F7447FC8287E /* PlayerTopBar.swift in Sources */ = {isa = PBXBuildFile; fileRef = 0D36BC08BAF1C10AD8A74814 /* PlayerTopBar.swift */; };
		60548C8382031267A0C8083F /* RepeatModeTests.swift in Sources */ = {isa = PBXBuildFile; fileRef = 78BEA53895E7E40BF129B1C2 /* RepeatModeTests.swift */; };
		6206A834C2C2AE1F3A7E0C4F /* OpenURLSheet.swift in Sources */ = {isa = PBXBuildFile; fileRef = 733C2CC2BC1883D498A71C92 /* OpenURLSheet.swift */; };
		629DA99DCE0F869EBF82504B /* SnapshotSaver.swift in Sources */ = {isa = PBXBuildFile; fileRef = CF9ACE200E4FCF252E69C38E /* SnapshotSaver.swift */; };
		6584E543F4EA895D3FA94718 /* HomeView.swift in Sources */ = {isa = PBXBuildFile; fileRef = 28D3465CFF5F0495D9AEEBA2 /* HomeView.swift */; };
		668DE21D26E3ECCE1A793F17 /* Assets.xcassets in Resources */ = {isa = PBXBuildFile; fileRef = 9C83243B99DC03593BA27FD0 /* Assets.xcassets */; };
		67530FE3A667C1133FF48AC6 /* NowPlayingController.swift in Sources */ = {isa = PBXBuildFile; fileRef = 217C351450619AFE9A1BCEA8 /* NowPlayingController.swift */; };
		68157C6604447D02E943893A /* PlayerViewModel.swift in Sources */ = {isa = PBXBuildFile; fileRef = 5BD1AA1DA044FD139582A22E /* PlayerViewModel.swift */; };
		6A32076311E31E4AB04A1240 /* ContentView.swift in Sources */ = {isa = PBXBuildFile; fileRef = C54C9AE216A1762DA49ED195 /* ContentView.swift */; };
		6AF3A7E4FBED66F4C6FEF4C7 /* SwiftAssRenderer in Frameworks */ = {isa = PBXBuildFile; productRef = 8FE3F216F8B2322140246EA0 /* SwiftAssRenderer */; };
		6D60A399B4E6079DD2A8F223 /* LiveStreamMemory.swift in Sources */ = {isa = PBXBuildFile; fileRef = F83836A8AF4B2A17F09CF381 /* LiveStreamMemory.swift */; };
		6FBBD1001F9F6A7D114635CB /* FrameHelpersTests.swift in Sources */ = {isa = PBXBuildFile; fileRef = 93824C28886D126A5CFA790B /* FrameHelpersTests.swift */; };
		704103415097E7CEB5494EB3 /* KeyCatcherView.swift in Sources */ = {isa = PBXBuildFile; fileRef = AAC23E95A223EDA9374CBC13 /* KeyCatcherView.swift */; };
		7056FA21AD89BBFF3E13FF87 /* Timecode.swift in Sources */ = {isa = PBXBuildFile; fileRef = 5B9B310577BF206A568A8F47 /* Timecode.swift */; };
		7083F64F6E8D697783330DDD /* ASSRenderCoordinator.swift in Sources */ = {isa = PBXBuildFile; fileRef = BF1AEDEAC8AAB0301124E958 /* ASSRenderCoordinator.swift */; };
		75F3AB121D354ED420A0B435 /* RecentItem.swift in Sources */ = {isa = PBXBuildFile; fileRef = 088343A60DB6EE54335AD638 /* RecentItem.swift */; };
		765C3F6F5868875F50607BA4 /* NowPlayingInfoTests.swift in Sources */ = {isa = PBXBuildFile; fileRef = 12A68F5A4C570AB63B8EDB54 /* NowPlayingInfoTests.swift */; };
		76A3383CCCED459BC7ECE2A5 /* PlatformImage.swift in Sources */ = {isa = PBXBuildFile; fileRef = 46C81900DCA15871E1EDA920 /* PlatformImage.swift */; };
		77891F8A6DA6C6E8F66FFF1F /* LicenseText-LGPL-2.1.txt in Resources */ = {isa = PBXBuildFile; fileRef = F4D42E8E69C213FC5252D867 /* LicenseText-LGPL-2.1.txt */; };
		781EEB5CE48C1BC497AC4BF7 /* ForegroundReloadGate.swift in Sources */ = {isa = PBXBuildFile; fileRef = 8BEDD6CAEF150A1D2B101F70 /* ForegroundReloadGate.swift */; };
		78C6C0C695CCAC4331057E3D /* AutoHideTests.swift in Sources */ = {isa = PBXBuildFile; fileRef = 1B8A80F72F03FB387443963F /* AutoHideTests.swift */; };
		7BEC8DDC70BB8A975173C112 /* ForegroundReloadGate.swift in Sources */ = {isa = PBXBuildFile; fileRef = 8BEDD6CAEF150A1D2B101F70 /* ForegroundReloadGate.swift */; };
		7CF419157386C4D61EBE7145 /* PlayerHostController.swift in Sources */ = {isa = PBXBuildFile; fileRef = 5C93E7A328900B3E6E557922 /* PlayerHostController.swift */; };
		7EAA0882EBC3AEC14843580C /* LicenseText-WTFPL.txt in Resources */ = {isa = PBXBuildFile; fileRef = 6CE2A60423950407199EAB30 /* LicenseText-WTFPL.txt */; };
		7F90C40A424069D395A53EC5 /* LicenseText-LGPL-2.1.txt in Resources */ = {isa = PBXBuildFile; fileRef = F4D42E8E69C213FC5252D867 /* LicenseText-LGPL-2.1.txt */; };
		804A8EED9CDD79EE6FCC9219 /* FrameHelpers.swift in Sources */ = {isa = PBXBuildFile; fileRef = 07527B623022238E917E772C /* FrameHelpers.swift */; };
		8261B7E3227BAADBB7ACE9DC /* TrackMenuModelTests.swift in Sources */ = {isa = PBXBuildFile; fileRef = CB52AA48E644CC4872D15095 /* TrackMenuModelTests.swift */; };
		844865F8513C24B7DD7C6F00 /* RepeatMode.swift in Sources */ = {isa = PBXBuildFile; fileRef = 62D1F0BA9870F05C6E4C790B /* RepeatMode.swift */; };
		84C248D63EF71D5C7D1CC2B8 /* TracksSheet.swift in Sources */ = {isa = PBXBuildFile; fileRef = CA025D523D30164C998D8104 /* TracksSheet.swift */; };
		85C0AE7328F9CFA7E91E7BCF /* PlaylistTests.swift in Sources */ = {isa = PBXBuildFile; fileRef = 9F41670E23F316F7DBD632FB /* PlaylistTests.swift */; };
		8608361F44B641E95128509E /* StatsFormatTests.swift in Sources */ = {isa = PBXBuildFile; fileRef = 55A0F77B54179E5359D9B25E /* StatsFormatTests.swift */; };
		88071B87B8BFEAB641737F3E /* LicenseText-WTFPL.txt in Resources */ = {isa = PBXBuildFile; fileRef = 6CE2A60423950407199EAB30 /* LicenseText-WTFPL.txt */; };
		8B022AE58C093D3FBEDDF8C3 /* AudioDetection.swift in Sources */ = {isa = PBXBuildFile; fileRef = 55EDD8AACE0F8656B606E9E3 /* AudioDetection.swift */; };
		8BDFFCC051AF9B51766EC255 /* StatsFormat.swift in Sources */ = {isa = PBXBuildFile; fileRef = 359C1A26BC80A9CB3E38E842 /* StatsFormat.swift */; };
		8CE9094AB714620EBCD7A850 /* LiveStreamMemory.swift in Sources */ = {isa = PBXBuildFile; fileRef = F83836A8AF4B2A17F09CF381 /* LiveStreamMemory.swift */; };
		8D21D53DB9E3E57C7B10D4EA /* PlayerContainerView.swift in Sources */ = {isa = PBXBuildFile; fileRef = 16395C04CD0A2CB440938CFB /* PlayerContainerView.swift */; };
		8D5F6978C2068B7C4C3B9A85 /* StatsInspectorView.swift in Sources */ = {isa = PBXBuildFile; fileRef = 7A6A849203457466945B5B25 /* StatsInspectorView.swift */; };
		8EE0BDF100456E08A8213CDB /* LogTimestamp.swift in Sources */ = {isa = PBXBuildFile; fileRef = A4A25FF62225E199063C147C /* LogTimestamp.swift */; };
		91F51C1C61251C946874DA5A /* ScrubPreviewProvider.swift in Sources */ = {isa = PBXBuildFile; fileRef = 18D74A200D967B8F7F8FCCFE /* ScrubPreviewProvider.swift */; };
		924544DAA487CBDD867CF11B /* TracksPopoverLayoutTests.swift in Sources */ = {isa = PBXBuildFile; fileRef = F3F383828AE63B4C10F0BD63 /* TracksPopoverLayoutTests.swift */; };
		935C816BF81C602613854D26 /* LicensesView.swift in Sources */ = {isa = PBXBuildFile; fileRef = 7F99359DAFB704DD01AA498A /* LicensesView.swift */; };
		94F780914ECEAE2A8CD4CB0A /* AppDelegate.swift in Sources */ = {isa = PBXBuildFile; fileRef = D60A607F4CA0C12B40ADC2ED /* AppDelegate.swift */; };
		9564306450D46CB44EB0BE82 /* NowPlayingController.swift in Sources */ = {isa = PBXBuildFile; fileRef = 217C351450619AFE9A1BCEA8 /* NowPlayingController.swift */; };
		98BEADC3630E7C446CC51080 /* LicensesView.swift in Sources */ = {isa = PBXBuildFile; fileRef = 7F99359DAFB704DD01AA498A /* LicensesView.swift */; };
		98EAB83318281F1C549F328C /* Updater.swift in Sources */ = {isa = PBXBuildFile; fileRef = D308DF8EED2CD12AA25B21BE /* Updater.swift */; };
		9E31E87A7C9953DAEAFAE55E /* ASSRenderCoordinator.swift in Sources */ = {isa = PBXBuildFile; fileRef = BF1AEDEAC8AAB0301124E958 /* ASSRenderCoordinator.swift */; };
		9E66100C56519FB85ED1C56A /* AetherPlayerApp.swift in Sources */ = {isa = PBXBuildFile; fileRef = C47FF5223601E1C4A19A9340 /* AetherPlayerApp.swift */; };
		9F68BDDDF59D10B5CDBB913C /* NowPlayingInfo.swift in Sources */ = {isa = PBXBuildFile; fileRef = DC2838BBF6A13734278373BC /* NowPlayingInfo.swift */; };
		A17DF2841B401D645BE53AA5 /* FrameHelpers.swift in Sources */ = {isa = PBXBuildFile; fileRef = 07527B623022238E917E772C /* FrameHelpers.swift */; };
		A3071FD0450D2D814D05CD26 /* AutoHide.swift in Sources */ = {isa = PBXBuildFile; fileRef = E8A25FC6F24413CB30BBB817 /* AutoHide.swift */; };
		A38389CEF3F578AE90F16BFD /* RepeatMode.swift in Sources */ = {isa = PBXBuildFile; fileRef = 62D1F0BA9870F05C6E4C790B /* RepeatMode.swift */; };
		A395CA6E1AE8BA543F44D216 /* Updater.swift in Sources */ = {isa = PBXBuildFile; fileRef = D308DF8EED2CD12AA25B21BE /* Updater.swift */; };
		A3C65D087026720E703E354D /* MediaURLValidationTests.swift in Sources */ = {isa = PBXBuildFile; fileRef = 7DB907EDE5B05AE6418F2A96 /* MediaURLValidationTests.swift */; };
		A459B215DD7D317356C7DCC9 /* LicenseText-MIT.txt in Resources */ = {isa = PBXBuildFile; fileRef = 0A52E853D2B9309688FDC9C9 /* LicenseText-MIT.txt */; };
		A603491D17D75755E0B98329 /* AetherEngine in Frameworks */ = {isa = PBXBuildFile; productRef = ED443FBA5F61168DA684DB8A /* AetherEngine */; };
		A9117937B50F84CFD61E1E9F /* NowPlayingText.swift in Sources */ = {isa = PBXBuildFile; fileRef = BF037FE3C070110E14F06FE3 /* NowPlayingText.swift */; };
		AAFEBD88FFBF6C60D4107E5B /* AppDelegate.swift in Sources */ = {isa = PBXBuildFile; fileRef = D60A607F4CA0C12B40ADC2ED /* AppDelegate.swift */; };
		AC4835B01AFF6F87024D0CB2 /* RecentsListView.swift in Sources */ = {isa = PBXBuildFile; fileRef = 439CC143FE95F00283D3643A /* RecentsListView.swift */; };
		AE929DCD08AB580128B8951A /* LicenseText-MIT.txt in Resources */ = {isa = PBXBuildFile; fileRef = 0A52E853D2B9309688FDC9C9 /* LicenseText-MIT.txt */; };
		AEB9738E8D88B839A5CE2941 /* Sparkle in Frameworks */ = {isa = PBXBuildFile; productRef = D8CD01999FE428529CC0DB5F /* Sparkle */; };
		AF324AD1AD686EC180B4DAFB /* BookmarkAccess.swift in Sources */ = {isa = PBXBuildFile; fileRef = 43D2433BC60C8A585F552D6C /* BookmarkAccess.swift */; };
		AF8CCEDB4FFC6FF44451B1A9 /* ScrubPreviewProvider.swift in Sources */ = {isa = PBXBuildFile; fileRef = 18D74A200D967B8F7F8FCCFE /* ScrubPreviewProvider.swift */; };
		B1AEB8445FFF9C7FF8774FC0 /* TrackMenuModel.swift in Sources */ = {isa = PBXBuildFile; fileRef = 9E0203CEACD715E2952920A0 /* TrackMenuModel.swift */; };
		B342144744F6F0198B5ED03F /* ResumePolicyTests.swift in Sources */ = {isa = PBXBuildFile; fileRef = 53FEB8B79DD96C0738631A14 /* ResumePolicyTests.swift */; };
		B39B76357455EBFB629631CF /* SubtitleOverlayView.swift in Sources */ = {isa = PBXBuildFile; fileRef = 30CBB7CB72F838E6878B5617 /* SubtitleOverlayView.swift */; };
		B3F56ADC1AA101EDDADB60D0 /* BookmarkAccess.swift in Sources */ = {isa = PBXBuildFile; fileRef = 43D2433BC60C8A585F552D6C /* BookmarkAccess.swift */; };
		B401CC30DD59C5283D7026D1 /* ContentView.swift in Sources */ = {isa = PBXBuildFile; fileRef = C54C9AE216A1762DA49ED195 /* ContentView.swift */; };
		B4709F3CF66CCD1E5604C00A /* KeyCatcherView.swift in Sources */ = {isa = PBXBuildFile; fileRef = AAC23E95A223EDA9374CBC13 /* KeyCatcherView.swift */; };
		B547967C15BA5A650B1C66FC /* NowPlayingInfo.swift in Sources */ = {isa = PBXBuildFile; fileRef = DC2838BBF6A13734278373BC /* NowPlayingInfo.swift */; };
		B57918314852295B89312E9A /* PlayerGestureCatcher.swift in Sources */ = {isa = PBXBuildFile; fileRef = CE2DDBBBB6312540B5B08CCF /* PlayerGestureCatcher.swift */; };
		B9E22158D68355A5770250B8 /* PlayerSystemVolume.swift in Sources */ = {isa = PBXBuildFile; fileRef = FCE35CB3815E68298357E951 /* PlayerSystemVolume.swift */; };
		BB10656AAB0F86864E0C53D5 /* RecentsStore.swift in Sources */ = {isa = PBXBuildFile; fileRef = 6830DEE6BFE30DE2D65F8E30 /* RecentsStore.swift */; };
		BB2BF88F1F891BF28137C3C6 /* RecentsThumbnailProvider.swift in Sources */ = {isa = PBXBuildFile; fileRef = E0321F9F3D323D122E187C9A /* RecentsThumbnailProvider.swift */; };
		BD5C4CA808EAB889E146D925 /* PlayerTouchInput.swift in Sources */ = {isa = PBXBuildFile; fileRef = 462B46AD9B4539E1EB94945C /* PlayerTouchInput.swift */; };
		BE1F41A968EC21F1F9B7D3D8 /* PlayerTransportBar.swift in Sources */ = {isa = PBXBuildFile; fileRef = 5CD83E72C558EAC70EE674C5 /* PlayerTransportBar.swift */; };
		BE290CC516BBF1F04EF1F3F5 /* RecentsStoreTests.swift in Sources */ = {isa = PBXBuildFile; fileRef = 9DF027E0C8A452E79A82DC39 /* RecentsStoreTests.swift */; };
		C30AB3D1D49DCC1AAA6133B8 /* TracksPopoverLayout.swift in Sources */ = {isa = PBXBuildFile; fileRef = A3D408FE0AD42CD1C921A2CC /* TracksPopoverLayout.swift */; };
		C3F61046316EFB1DB8E4756B /* EmptyStateView.swift in Sources */ = {isa = PBXBuildFile; fileRef = 6F5A68802EC677C97886B469 /* EmptyStateView.swift */; };
		C5E1F4F2E24186239DF48E61 /* RepeatMode.swift in Sources */ = {isa = PBXBuildFile; fileRef = 62D1F0BA9870F05C6E4C790B /* RepeatMode.swift */; };
		C6E47E68D4D906A890B239F9 /* RecentsThumbnailProvider.swift in Sources */ = {isa = PBXBuildFile; fileRef = E0321F9F3D323D122E187C9A /* RecentsThumbnailProvider.swift */; };
		C7C5D2B5FDC175F44827FE9A /* MediaURLValidation.swift in Sources */ = {isa = PBXBuildFile; fileRef = E539D00C05E8347B2ECB7D7B /* MediaURLValidation.swift */; };
		C82B2C06030BB74EF77BA9AB /* PlayerTouchInput.swift in Sources */ = {isa = PBXBuildFile; fileRef = 462B46AD9B4539E1EB94945C /* PlayerTouchInput.swift */; };
		C8FEC43F220F0692553C0EC1 /* Timecode.swift in Sources */ = {isa = PBXBuildFile; fileRef = 5B9B310577BF206A568A8F47 /* Timecode.swift */; };
		C975CCBC03EA46E182EF5C9A /* ASSRenderCoordinator.swift in Sources */ = {isa = PBXBuildFile; fileRef = BF1AEDEAC8AAB0301124E958 /* ASSRenderCoordinator.swift */; };
		CA0E0D1387494FFEBE96BD8F /* OpenURLSheet.swift in Sources */ = {isa = PBXBuildFile; fileRef = 06821F89AD260A5F822118F3 /* OpenURLSheet.swift */; };
		CA9B252D21393FEDC76068E6 /* RecentsGrid.swift in Sources */ = {isa = PBXBuildFile; fileRef = B1A32AE76CE0CEACEF128BD3 /* RecentsGrid.swift */; };
		CDBEA67B7831BEF45F6ED576 /* PlayerTouchInput.swift in Sources */ = {isa = PBXBuildFile; fileRef = 462B46AD9B4539E1EB94945C /* PlayerTouchInput.swift */; };
		CF045248177D9E553A854F5A /* TransportBar.swift in Sources */ = {isa = PBXBuildFile; fileRef = FF3FBB8A2D4A77E2E70F5402 /* TransportBar.swift */; };
		D17A9DA48D61429D98305FE6 /* LicenseText-ISC-libass.txt in Resources */ = {isa = PBXBuildFile; fileRef = 8259CDF81F750CA5F89DC1DA /* LicenseText-ISC-libass.txt */; };
		D49ECD5C7B4D7EB3C652EF47 /* Assets.xcassets in Resources */ = {isa = PBXBuildFile; fileRef = 9C83243B99DC03593BA27FD0 /* Assets.xcassets */; };
		D4E65258F5ADB0DD399A417A /* PlayerViewModel.swift in Sources */ = {isa = PBXBuildFile; fileRef = 5BD1AA1DA044FD139582A22E /* PlayerViewModel.swift */; };
		D4FC820054DC4FA5F25D77D3 /* PlaybackEndedTests.swift in Sources */ = {isa = PBXBuildFile; fileRef = 4F9209F5B86360F69FA283B5 /* PlaybackEndedTests.swift */; };
		D59B5BE5077FA0449827619B /* LicenseText-Sparkle.txt in Resources */ = {isa = PBXBuildFile; fileRef = B1F3FC537114C70E9C0E2F77 /* LicenseText-Sparkle.txt */; };
		D697337C2BBDCB597F108544 /* LicenseText-Sparkle.txt in Resources */ = {isa = PBXBuildFile; fileRef = B1F3FC537114C70E9C0E2F77 /* LicenseText-Sparkle.txt */; };
		D7C0BAE929E86E337CD15374 /* PlayerSwipeHints.swift in Sources */ = {isa = PBXBuildFile; fileRef = EFCA1A079A237DDD7A36E423 /* PlayerSwipeHints.swift */; };
		D82071F428C6F141CD8473D1 /* ASSSubtitleFrameView.swift in Sources */ = {isa = PBXBuildFile; fileRef = 65874C404DF9FC1FFD48D734 /* ASSSubtitleFrameView.swift */; };
		D8261A342486CA0C1CB9EAE7 /* DiagnosticsLog.swift in Sources */ = {isa = PBXBuildFile; fileRef = 03FFD1A6AA0793487A486CBB /* DiagnosticsLog.swift */; };
		D99EF75F0D51FC11290956D6 /* TracksPopover.swift in Sources */ = {isa = PBXBuildFile; fileRef = D2588343DEF8BDD7262D38D0 /* TracksPopover.swift */; };
		D9F7AD8C9408D2BF3CC35CCC /* SnapshotSaver.swift in Sources */ = {isa = PBXBuildFile; fileRef = CF9ACE200E4FCF252E69C38E /* SnapshotSaver.swift */; };
		DAE7D6B950B802E07BD7BA76 /* BookmarkAccess.swift in Sources */ = {isa = PBXBuildFile; fileRef = 43D2433BC60C8A585F552D6C /* BookmarkAccess.swift */; };
		DCB06FB865E7D0FEC4590589 /* LicenseText-Sparkle.txt in Resources */ = {isa = PBXBuildFile; fileRef = B1F3FC537114C70E9C0E2F77 /* LicenseText-Sparkle.txt */; };
		E1E3A1C7125A9895C773AFAB /* DiagnosticsLog.swift in Sources */ = {isa = PBXBuildFile; fileRef = 03FFD1A6AA0793487A486CBB /* DiagnosticsLog.swift */; };
		E42B4D886240BD80B67841DB /* PlayerScrubBar.swift in Sources */ = {isa = PBXBuildFile; fileRef = D48C1CB9ED2221C6976C2089 /* PlayerScrubBar.swift */; };
		E436095A369743D74C6324EA /* TransportBar.swift in Sources */ = {isa = PBXBuildFile; fileRef = FF3FBB8A2D4A77E2E70F5402 /* TransportBar.swift */; };
		E57A473AA7AF0A61D24F69DA /* LicenseText-AetherEngine.txt in Resources */ = {isa = PBXBuildFile; fileRef = 7B7B61B417291C603619BD6A /* LicenseText-AetherEngine.txt */; };
		E6933E40B2144D4A3B2B361E /* Theme.swift in Sources */ = {isa = PBXBuildFile; fileRef = 3476E467BD2ECDE79034721F /* Theme.swift */; };
		E77737045F93BB86AF8342AB /* RootView.swift in Sources */ = {isa = PBXBuildFile; fileRef = 757D2F72AFE981617FA7706C /* RootView.swift */; };
		E7F2AAFDB6A45862E2D5B02B /* SubtitleLayoutTests.swift in Sources */ = {isa = PBXBuildFile; fileRef = 6C7F491313B24CBDDB44433C /* SubtitleLayoutTests.swift */; };
		E8543C7413D23F5DBF081941 /* PlatformImage.swift in Sources */ = {isa = PBXBuildFile; fileRef = 46C81900DCA15871E1EDA920 /* PlatformImage.swift */; };
		EA7255472C958E9F0BCDC3DA /* NowPlayingText.swift in Sources */ = {isa = PBXBuildFile; fileRef = BF037FE3C070110E14F06FE3 /* NowPlayingText.swift */; };
		ECCE14AEE15C1373E87B5656 /* StatsInspectorView.swift in Sources */ = {isa = PBXBuildFile; fileRef = 7A6A849203457466945B5B25 /* StatsInspectorView.swift */; };
		ED1821E80966D5FE5D191B6C /* RecentItem.swift in Sources */ = {isa = PBXBuildFile; fileRef = 088343A60DB6EE54335AD638 /* RecentItem.swift */; };
		ED7065D36BC7C087D18C0F1C /* LicenseText-AetherEngine.txt in Resources */ = {isa = PBXBuildFile; fileRef = 7B7B61B417291C603619BD6A /* LicenseText-AetherEngine.txt */; };
		EED4E6AA62E1F7D59D12E272 /* LiveStreamMemory.swift in Sources */ = {isa = PBXBuildFile; fileRef = F83836A8AF4B2A17F09CF381 /* LiveStreamMemory.swift */; };
		EF717EEAA60C21C03ABD06B7 /* MediaURLValidation.swift in Sources */ = {isa = PBXBuildFile; fileRef = E539D00C05E8347B2ECB7D7B /* MediaURLValidation.swift */; };
		F064F8DFA27B96F845B374C0 /* ResumePolicy.swift in Sources */ = {isa = PBXBuildFile; fileRef = 8AD4FFC87F22BB68E2FFECDC /* ResumePolicy.swift */; };
		F171F25CF286EE36983B5025 /* Playlist.swift in Sources */ = {isa = PBXBuildFile; fileRef = E8CA4926E8D060AEB32D7726 /* Playlist.swift */; };
		F6EEC3E3E98D964FB21720C7 /* ASSSubtitleFrameView.swift in Sources */ = {isa = PBXBuildFile; fileRef = 65874C404DF9FC1FFD48D734 /* ASSSubtitleFrameView.swift */; };
		F85686E1A26D524E82D1C45F /* NowPlayingMetadata.swift in Sources */ = {isa = PBXBuildFile; fileRef = 37DE17D6F34C0B2F6318275A /* NowPlayingMetadata.swift */; };
		F859E5E46B335BBA248DACAF /* RecentsListView.swift in Sources */ = {isa = PBXBuildFile; fileRef = 439CC143FE95F00283D3643A /* RecentsListView.swift */; };
		F959E47349BE8D2905D5AC02 /* LogTimestamp.swift in Sources */ = {isa = PBXBuildFile; fileRef = A4A25FF62225E199063C147C /* LogTimestamp.swift */; };
		F9C690E6F347FB180897E749 /* StatsFormat.swift in Sources */ = {isa = PBXBuildFile; fileRef = 359C1A26BC80A9CB3E38E842 /* StatsFormat.swift */; };
		F9CB3BA1F6FEDA1D73BE1EDD /* ResumePolicy.swift in Sources */ = {isa = PBXBuildFile; fileRef = 8AD4FFC87F22BB68E2FFECDC /* ResumePolicy.swift */; };
		FA26023CDAE9E1F1EA68DCA9 /* RecentsStore.swift in Sources */ = {isa = PBXBuildFile; fileRef = 6830DEE6BFE30DE2D65F8E30 /* RecentsStore.swift */; };
		FDBB7B52D48490DAC878FC1A /* PlatformImageTests.swift in Sources */ = {isa = PBXBuildFile; fileRef = D17295E22783B1BF2B378C1D /* PlatformImageTests.swift */; };
		FF8023EB7415554507A1F9ED /* OpenSourceLicenses.swift in Sources */ = {isa = PBXBuildFile; fileRef = B0747DCD5601C0B338075AEB /* OpenSourceLicenses.swift */; };
/* End PBXBuildFile section */

/* Begin PBXContainerItemProxy section */
		C86CF576AB1AFBF9B31DF21E /* PBXContainerItemProxy */ = {
			isa = PBXContainerItemProxy;
			containerPortal = D8BCABAA8DFC78FF1EBB0399 /* Project object */;
			proxyType = 1;
			remoteGlobalIDString = 7A59B15B32CAF3DAA7394BD5;
			remoteInfo = AetherPlayer;
		};
/* End PBXContainerItemProxy section */

/* Begin PBXFileReference section */
		0044E627C4FAE4B1B16C2D88 /* AetherPlayerApp.swift */ = {isa = PBXFileReference; lastKnownFileType = sourcecode.swift; path = AetherPlayerApp.swift; sourceTree = "<group>"; };
		03FFD1A6AA0793487A486CBB /* DiagnosticsLog.swift */ = {isa = PBXFileReference; lastKnownFileType = sourcecode.swift; path = DiagnosticsLog.swift; sourceTree = "<group>"; };
		06821F89AD260A5F822118F3 /* OpenURLSheet.swift */ = {isa = PBXFileReference; lastKnownFileType = sourcecode.swift; path = OpenURLSheet.swift; sourceTree = "<group>"; };
		07527B623022238E917E772C /* FrameHelpers.swift */ = {isa = PBXFileReference; lastKnownFileType = sourcecode.swift; path = FrameHelpers.swift; sourceTree = "<group>"; };
		088343A60DB6EE54335AD638 /* RecentItem.swift */ = {isa = PBXFileReference; lastKnownFileType = sourcecode.swift; path = RecentItem.swift; sourceTree = "<group>"; };
		0A52E853D2B9309688FDC9C9 /* LicenseText-MIT.txt */ = {isa = PBXFileReference; lastKnownFileType = text; path = "LicenseText-MIT.txt"; sourceTree = "<group>"; };
		0D36BC08BAF1C10AD8A74814 /* PlayerTopBar.swift */ = {isa = PBXFileReference; lastKnownFileType = sourcecode.swift; path = PlayerTopBar.swift; sourceTree = "<group>"; };
		12A68F5A4C570AB63B8EDB54 /* NowPlayingInfoTests.swift */ = {isa = PBXFileReference; lastKnownFileType = sourcecode.swift; path = NowPlayingInfoTests.swift; sourceTree = "<group>"; };
		14E3BEA0F6A5842235C3F9CD /* ForegroundReloadGateTests.swift */ = {isa = PBXFileReference; lastKnownFileType = sourcecode.swift; path = ForegroundReloadGateTests.swift; sourceTree = "<group>"; };
		16395C04CD0A2CB440938CFB /* PlayerContainerView.swift */ = {isa = PBXFileReference; lastKnownFileType = sourcecode.swift; path = PlayerContainerView.swift; sourceTree = "<group>"; };
		18D74A200D967B8F7F8FCCFE /* ScrubPreviewProvider.swift */ = {isa = PBXFileReference; lastKnownFileType = sourcecode.swift; path = ScrubPreviewProvider.swift; sourceTree = "<group>"; };
		19A863B99CD855FB7381892A /* LogTimestampTests.swift */ = {isa = PBXFileReference; lastKnownFileType = sourcecode.swift; path = LogTimestampTests.swift; sourceTree = "<group>"; };
		1B8A80F72F03FB387443963F /* AutoHideTests.swift */ = {isa = PBXFileReference; lastKnownFileType = sourcecode.swift; path = AutoHideTests.swift; sourceTree = "<group>"; };
		217C351450619AFE9A1BCEA8 /* NowPlayingController.swift */ = {isa = PBXFileReference; lastKnownFileType = sourcecode.swift; path = NowPlayingController.swift; sourceTree = "<group>"; };
		233D66079A84FB8F2D75E290 /* TimecodeTests.swift */ = {isa = PBXFileReference; lastKnownFileType = sourcecode.swift; path = TimecodeTests.swift; sourceTree = "<group>"; };
		28D3465CFF5F0495D9AEEBA2 /* HomeView.swift */ = {isa = PBXFileReference; lastKnownFileType = sourcecode.swift; path = HomeView.swift; sourceTree = "<group>"; };
		30CBB7CB72F838E6878B5617 /* SubtitleOverlayView.swift */ = {isa = PBXFileReference; lastKnownFileType = sourcecode.swift; path = SubtitleOverlayView.swift; sourceTree = "<group>"; };
		342602BC0F8621EDFB112B64 /* PlayerTouchInputTests.swift */ = {isa = PBXFileReference; lastKnownFileType = sourcecode.swift; path = PlayerTouchInputTests.swift; sourceTree = "<group>"; };
		3476E467BD2ECDE79034721F /* Theme.swift */ = {isa = PBXFileReference; lastKnownFileType = sourcecode.swift; path = Theme.swift; sourceTree = "<group>"; };
		359C1A26BC80A9CB3E38E842 /* StatsFormat.swift */ = {isa = PBXFileReference; lastKnownFileType = sourcecode.swift; path = StatsFormat.swift; sourceTree = "<group>"; };
		37DE17D6F34C0B2F6318275A /* NowPlayingMetadata.swift */ = {isa = PBXFileReference; lastKnownFileType = sourcecode.swift; path = NowPlayingMetadata.swift; sourceTree = "<group>"; };
		439CC143FE95F00283D3643A /* RecentsListView.swift */ = {isa = PBXFileReference; lastKnownFileType = sourcecode.swift; path = RecentsListView.swift; sourceTree = "<group>"; };
		43D2433BC60C8A585F552D6C /* BookmarkAccess.swift */ = {isa = PBXFileReference; lastKnownFileType = sourcecode.swift; path = BookmarkAccess.swift; sourceTree = "<group>"; };
		462B46AD9B4539E1EB94945C /* PlayerTouchInput.swift */ = {isa = PBXFileReference; lastKnownFileType = sourcecode.swift; path = PlayerTouchInput.swift; sourceTree = "<group>"; };
		46C81900DCA15871E1EDA920 /* PlatformImage.swift */ = {isa = PBXFileReference; lastKnownFileType = sourcecode.swift; path = PlatformImage.swift; sourceTree = "<group>"; };
		477866E2C2A619C513E5787A /* AetherPlayer-MAS.app */ = {isa = PBXFileReference; explicitFileType = wrapper.application; includeInIndex = 0; path = "AetherPlayer-MAS.app"; sourceTree = BUILT_PRODUCTS_DIR; };
		4E347D44EE4055516E5418F9 /* AetherPlayer.entitlements */ = {isa = PBXFileReference; lastKnownFileType = text.plist.entitlements; path = AetherPlayer.entitlements; sourceTree = "<group>"; };
		4F9209F5B86360F69FA283B5 /* PlaybackEndedTests.swift */ = {isa = PBXFileReference; lastKnownFileType = sourcecode.swift; path = PlaybackEndedTests.swift; sourceTree = "<group>"; };
		53FEB8B79DD96C0738631A14 /* ResumePolicyTests.swift */ = {isa = PBXFileReference; lastKnownFileType = sourcecode.swift; path = ResumePolicyTests.swift; sourceTree = "<group>"; };
		55A0F77B54179E5359D9B25E /* StatsFormatTests.swift */ = {isa = PBXFileReference; lastKnownFileType = sourcecode.swift; path = StatsFormatTests.swift; sourceTree = "<group>"; };
		55EDD8AACE0F8656B606E9E3 /* AudioDetection.swift */ = {isa = PBXFileReference; lastKnownFileType = sourcecode.swift; path = AudioDetection.swift; sourceTree = "<group>"; };
		57EA3A61BD39779C11069DD8 /* AetherPlayer-iOS.app */ = {isa = PBXFileReference; includeInIndex = 0; lastKnownFileType = wrapper.application; path = "AetherPlayer-iOS.app"; sourceTree = BUILT_PRODUCTS_DIR; };
		5B9B310577BF206A568A8F47 /* Timecode.swift */ = {isa = PBXFileReference; lastKnownFileType = sourcecode.swift; path = Timecode.swift; sourceTree = "<group>"; };
		5BD1AA1DA044FD139582A22E /* PlayerViewModel.swift */ = {isa = PBXFileReference; lastKnownFileType = sourcecode.swift; path = PlayerViewModel.swift; sourceTree = "<group>"; };
		5C93E7A328900B3E6E557922 /* PlayerHostController.swift */ = {isa = PBXFileReference; lastKnownFileType = sourcecode.swift; path = PlayerHostController.swift; sourceTree = "<group>"; };
		5CD83E72C558EAC70EE674C5 /* PlayerTransportBar.swift */ = {isa = PBXFileReference; lastKnownFileType = sourcecode.swift; path = PlayerTransportBar.swift; sourceTree = "<group>"; };
		6093AE89E2B49F7AC939DDB6 /* PlayerHUD.swift */ = {isa = PBXFileReference; lastKnownFileType = sourcecode.swift; path = PlayerHUD.swift; sourceTree = "<group>"; };
		62D1F0BA9870F05C6E4C790B /* RepeatMode.swift */ = {isa = PBXFileReference; lastKnownFileType = sourcecode.swift; path = RepeatMode.swift; sourceTree = "<group>"; };
		65874C404DF9FC1FFD48D734 /* ASSSubtitleFrameView.swift */ = {isa = PBXFileReference; lastKnownFileType = sourcecode.swift; path = ASSSubtitleFrameView.swift; sourceTree = "<group>"; };
		66AC25205E8861A04AF4FBA5 /* PlayerPresenter.swift */ = {isa = PBXFileReference; lastKnownFileType = sourcecode.swift; path = PlayerPresenter.swift; sourceTree = "<group>"; };
		671C05102B6D3D4AEAA5F575 /* AetherPlayer-iOS.entitlements */ = {isa = PBXFileReference; lastKnownFileType = text.plist.entitlements; path = "AetherPlayer-iOS.entitlements"; sourceTree = "<group>"; };
		6830DEE6BFE30DE2D65F8E30 /* RecentsStore.swift */ = {isa = PBXFileReference; lastKnownFileType = sourcecode.swift; path = RecentsStore.swift; sourceTree = "<group>"; };
		6C7F491313B24CBDDB44433C /* SubtitleLayoutTests.swift */ = {isa = PBXFileReference; lastKnownFileType = sourcecode.swift; path = SubtitleLayoutTests.swift; sourceTree = "<group>"; };
		6CE2A60423950407199EAB30 /* LicenseText-WTFPL.txt */ = {isa = PBXFileReference; lastKnownFileType = text; path = "LicenseText-WTFPL.txt"; sourceTree = "<group>"; };
		6F5A68802EC677C97886B469 /* EmptyStateView.swift */ = {isa = PBXFileReference; lastKnownFileType = sourcecode.swift; path = EmptyStateView.swift; sourceTree = "<group>"; };
		733C2CC2BC1883D498A71C92 /* OpenURLSheet.swift */ = {isa = PBXFileReference; lastKnownFileType = sourcecode.swift; path = OpenURLSheet.swift; sourceTree = "<group>"; };
		757D2F72AFE981617FA7706C /* RootView.swift */ = {isa = PBXFileReference; lastKnownFileType = sourcecode.swift; path = RootView.swift; sourceTree = "<group>"; };
		77C9F4C51129E595CAEFB615 /* PlayerChrome.swift */ = {isa = PBXFileReference; lastKnownFileType = sourcecode.swift; path = PlayerChrome.swift; sourceTree = "<group>"; };
		78BEA53895E7E40BF129B1C2 /* RepeatModeTests.swift */ = {isa = PBXFileReference; lastKnownFileType = sourcecode.swift; path = RepeatModeTests.swift; sourceTree = "<group>"; };
		7A6A849203457466945B5B25 /* StatsInspectorView.swift */ = {isa = PBXFileReference; lastKnownFileType = sourcecode.swift; path = StatsInspectorView.swift; sourceTree = "<group>"; };
		7B7B61B417291C603619BD6A /* LicenseText-AetherEngine.txt */ = {isa = PBXFileReference; lastKnownFileType = text; path = "LicenseText-AetherEngine.txt"; sourceTree = "<group>"; };
		7C626EB46E30AD40CB83A265 /* DiagnosticsShare.swift */ = {isa = PBXFileReference; lastKnownFileType = sourcecode.swift; path = DiagnosticsShare.swift; sourceTree = "<group>"; };
		7D803E053BB1BADF4754A4DF /* AetherPlayer-MAS.entitlements */ = {isa = PBXFileReference; lastKnownFileType = text.plist.entitlements; path = "AetherPlayer-MAS.entitlements"; sourceTree = "<group>"; };
		7DB907EDE5B05AE6418F2A96 /* MediaURLValidationTests.swift */ = {isa = PBXFileReference; lastKnownFileType = sourcecode.swift; path = MediaURLValidationTests.swift; sourceTree = "<group>"; };
		7EB60DA84476981F3BE35319 /* NowPlayingView.swift */ = {isa = PBXFileReference; lastKnownFileType = sourcecode.swift; path = NowPlayingView.swift; sourceTree = "<group>"; };
		7F99359DAFB704DD01AA498A /* LicensesView.swift */ = {isa = PBXFileReference; lastKnownFileType = sourcecode.swift; path = LicensesView.swift; sourceTree = "<group>"; };
		8259CDF81F750CA5F89DC1DA /* LicenseText-ISC-libass.txt */ = {isa = PBXFileReference; lastKnownFileType = text; path = "LicenseText-ISC-libass.txt"; sourceTree = "<group>"; };
		863C992E993CB1A4B04430D1 /* DocumentOpen.swift */ = {isa = PBXFileReference; lastKnownFileType = sourcecode.swift; path = DocumentOpen.swift; sourceTree = "<group>"; };
		88842CE09327DAB35271B7B0 /* Info.plist */ = {isa = PBXFileReference; lastKnownFileType = text.plist; path = Info.plist; sourceTree = "<group>"; };
		8AD4FFC87F22BB68E2FFECDC /* ResumePolicy.swift */ = {isa = PBXFileReference; lastKnownFileType = sourcecode.swift; path = ResumePolicy.swift; sourceTree = "<group>"; };
		8BEDD6CAEF150A1D2B101F70 /* ForegroundReloadGate.swift */ = {isa = PBXFileReference; lastKnownFileType = sourcecode.swift; path = ForegroundReloadGate.swift; sourceTree = "<group>"; };
		8FCDFE4C1B93640EA9246DEB /* NowPlayingTextTests.swift */ = {isa = PBXFileReference; lastKnownFileType = sourcecode.swift; path = NowPlayingTextTests.swift; sourceTree = "<group>"; };
		91970F7F30F2FBA31644A28A /* AppIcon.icon */ = {isa = PBXFileReference; lastKnownFileType = wrapper.icon; path = AppIcon.icon; sourceTree = "<group>"; };
		9354E29DB6BBFF101FA2E23F /* BitmapSubtitleCanvasTests.swift */ = {isa = PBXFileReference; lastKnownFileType = sourcecode.swift; path = BitmapSubtitleCanvasTests.swift; sourceTree = "<group>"; };
		93824C28886D126A5CFA790B /* FrameHelpersTests.swift */ = {isa = PBXFileReference; lastKnownFileType = sourcecode.swift; path = FrameHelpersTests.swift; sourceTree = "<group>"; };
		94A41313B2B883A8EF3F25B1 /* ResumeToastView.swift */ = {isa = PBXFileReference; lastKnownFileType = sourcecode.swift; path = ResumeToastView.swift; sourceTree = "<group>"; };
		9B4245211CDE14A288F3A3C6 /* AetherPlayerTests.xctest */ = {isa = PBXFileReference; explicitFileType = wrapper.cfbundle; includeInIndex = 0; path = AetherPlayerTests.xctest; sourceTree = BUILT_PRODUCTS_DIR; };
		9C83243B99DC03593BA27FD0 /* Assets.xcassets */ = {isa = PBXFileReference; lastKnownFileType = folder.assetcatalog; path = Assets.xcassets; sourceTree = "<group>"; };
		9DF027E0C8A452E79A82DC39 /* RecentsStoreTests.swift */ = {isa = PBXFileReference; lastKnownFileType = sourcecode.swift; path = RecentsStoreTests.swift; sourceTree = "<group>"; };
		9E0203CEACD715E2952920A0 /* TrackMenuModel.swift */ = {isa = PBXFileReference; lastKnownFileType = sourcecode.swift; path = TrackMenuModel.swift; sourceTree = "<group>"; };
		9F41670E23F316F7DBD632FB /* PlaylistTests.swift */ = {isa = PBXFileReference; lastKnownFileType = sourcecode.swift; path = PlaylistTests.swift; sourceTree = "<group>"; };
		9F6870E719B7D65D4D1221C0 /* PlayerOrientation.swift */ = {isa = PBXFileReference; lastKnownFileType = sourcecode.swift; path = PlayerOrientation.swift; sourceTree = "<group>"; };
		A3D408FE0AD42CD1C921A2CC /* TracksPopoverLayout.swift */ = {isa = PBXFileReference; lastKnownFileType = sourcecode.swift; path = TracksPopoverLayout.swift; sourceTree = "<group>"; };
		A4A25FF62225E199063C147C /* LogTimestamp.swift */ = {isa = PBXFileReference; lastKnownFileType = sourcecode.swift; path = LogTimestamp.swift; sourceTree = "<group>"; };
		AAC23E95A223EDA9374CBC13 /* KeyCatcherView.swift */ = {isa = PBXFileReference; lastKnownFileType = sourcecode.swift; path = KeyCatcherView.swift; sourceTree = "<group>"; };
		B0747DCD5601C0B338075AEB /* OpenSourceLicenses.swift */ = {isa = PBXFileReference; lastKnownFileType = sourcecode.swift; path = OpenSourceLicenses.swift; sourceTree = "<group>"; };
		B1A32AE76CE0CEACEF128BD3 /* RecentsGrid.swift */ = {isa = PBXFileReference; lastKnownFileType = sourcecode.swift; path = RecentsGrid.swift; sourceTree = "<group>"; };
		B1F3FC537114C70E9C0E2F77 /* LicenseText-Sparkle.txt */ = {isa = PBXFileReference; lastKnownFileType = text; path = "LicenseText-Sparkle.txt"; sourceTree = "<group>"; };
		BC925D4282CAE12C28EFE9B9 /* PlayerHostController+PiP.swift */ = {isa = PBXFileReference; lastKnownFileType = sourcecode.swift; path = "PlayerHostController+PiP.swift"; sourceTree = "<group>"; };
		BF037FE3C070110E14F06FE3 /* NowPlayingText.swift */ = {isa = PBXFileReference; lastKnownFileType = sourcecode.swift; path = NowPlayingText.swift; sourceTree = "<group>"; };
		BF1AEDEAC8AAB0301124E958 /* ASSRenderCoordinator.swift */ = {isa = PBXFileReference; lastKnownFileType = sourcecode.swift; path = ASSRenderCoordinator.swift; sourceTree = "<group>"; };
		C47FF5223601E1C4A19A9340 /* AetherPlayerApp.swift */ = {isa = PBXFileReference; lastKnownFileType = sourcecode.swift; path = AetherPlayerApp.swift; sourceTree = "<group>"; };
		C54C9AE216A1762DA49ED195 /* ContentView.swift */ = {isa = PBXFileReference; lastKnownFileType = sourcecode.swift; path = ContentView.swift; sourceTree = "<group>"; };
		CA025D523D30164C998D8104 /* TracksSheet.swift */ = {isa = PBXFileReference; lastKnownFileType = sourcecode.swift; path = TracksSheet.swift; sourceTree = "<group>"; };
		CB52AA48E644CC4872D15095 /* TrackMenuModelTests.swift */ = {isa = PBXFileReference; lastKnownFileType = sourcecode.swift; path = TrackMenuModelTests.swift; sourceTree = "<group>"; };
		CE2DDBBBB6312540B5B08CCF /* PlayerGestureCatcher.swift */ = {isa = PBXFileReference; lastKnownFileType = sourcecode.swift; path = PlayerGestureCatcher.swift; sourceTree = "<group>"; };
		CF9ACE200E4FCF252E69C38E /* SnapshotSaver.swift */ = {isa = PBXFileReference; lastKnownFileType = sourcecode.swift; path = SnapshotSaver.swift; sourceTree = "<group>"; };
		D17295E22783B1BF2B378C1D /* PlatformImageTests.swift */ = {isa = PBXFileReference; lastKnownFileType = sourcecode.swift; path = PlatformImageTests.swift; sourceTree = "<group>"; };
		D2588343DEF8BDD7262D38D0 /* TracksPopover.swift */ = {isa = PBXFileReference; lastKnownFileType = sourcecode.swift; path = TracksPopover.swift; sourceTree = "<group>"; };
		D308DF8EED2CD12AA25B21BE /* Updater.swift */ = {isa = PBXFileReference; lastKnownFileType = sourcecode.swift; path = Updater.swift; sourceTree = "<group>"; };
		D48C1CB9ED2221C6976C2089 /* PlayerScrubBar.swift */ = {isa = PBXFileReference; lastKnownFileType = sourcecode.swift; path = PlayerScrubBar.swift; sourceTree = "<group>"; };
		D60A607F4CA0C12B40ADC2ED /* AppDelegate.swift */ = {isa = PBXFileReference; lastKnownFileType = sourcecode.swift; path = AppDelegate.swift; sourceTree = "<group>"; };
		D6A5F4D0C3E4DB98E768BA0C /* AetherPlayer.app */ = {isa = PBXFileReference; explicitFileType = wrapper.application; includeInIndex = 0; path = AetherPlayer.app; sourceTree = BUILT_PRODUCTS_DIR; };
		DC2838BBF6A13734278373BC /* NowPlayingInfo.swift */ = {isa = PBXFileReference; lastKnownFileType = sourcecode.swift; path = NowPlayingInfo.swift; sourceTree = "<group>"; };
		E0321F9F3D323D122E187C9A /* RecentsThumbnailProvider.swift */ = {isa = PBXFileReference; lastKnownFileType = sourcecode.swift; path = RecentsThumbnailProvider.swift; sourceTree = "<group>"; };
		E06ADC032DFF906EFCD8C903 /* Assets.xcassets */ = {isa = PBXFileReference; lastKnownFileType = folder.assetcatalog; path = Assets.xcassets; sourceTree = "<group>"; };
		E5346095CF8225533FDB6373 /* AudioDetectionTests.swift */ = {isa = PBXFileReference; lastKnownFileType = sourcecode.swift; path = AudioDetectionTests.swift; sourceTree = "<group>"; };
		E539D00C05E8347B2ECB7D7B /* MediaURLValidation.swift */ = {isa = PBXFileReference; lastKnownFileType = sourcecode.swift; path = MediaURLValidation.swift; sourceTree = "<group>"; };
		E8A25FC6F24413CB30BBB817 /* AutoHide.swift */ = {isa = PBXFileReference; lastKnownFileType = sourcecode.swift; path = AutoHide.swift; sourceTree = "<group>"; };
		E8CA4926E8D060AEB32D7726 /* Playlist.swift */ = {isa = PBXFileReference; lastKnownFileType = sourcecode.swift; path = Playlist.swift; sourceTree = "<group>"; };
		E9EFC745F474D4251FDF2AD6 /* LicenseText-dav1d.txt */ = {isa = PBXFileReference; lastKnownFileType = text; path = "LicenseText-dav1d.txt"; sourceTree = "<group>"; };
		EFCA1A079A237DDD7A36E423 /* PlayerSwipeHints.swift */ = {isa = PBXFileReference; lastKnownFileType = sourcecode.swift; path = PlayerSwipeHints.swift; sourceTree = "<group>"; };
		F280F56F19B82579EFD6A016 /* SubtitleLayout.swift */ = {isa = PBXFileReference; lastKnownFileType = sourcecode.swift; path = SubtitleLayout.swift; sourceTree = "<group>"; };
		F3F383828AE63B4C10F0BD63 /* TracksPopoverLayoutTests.swift */ = {isa = PBXFileReference; lastKnownFileType = sourcecode.swift; path = TracksPopoverLayoutTests.swift; sourceTree = "<group>"; };
		F4D42E8E69C213FC5252D867 /* LicenseText-LGPL-2.1.txt */ = {isa = PBXFileReference; lastKnownFileType = text; path = "LicenseText-LGPL-2.1.txt"; sourceTree = "<group>"; };
		F83836A8AF4B2A17F09CF381 /* LiveStreamMemory.swift */ = {isa = PBXFileReference; lastKnownFileType = sourcecode.swift; path = LiveStreamMemory.swift; sourceTree = "<group>"; };
		FCE35CB3815E68298357E951 /* PlayerSystemVolume.swift */ = {isa = PBXFileReference; lastKnownFileType = sourcecode.swift; path = PlayerSystemVolume.swift; sourceTree = "<group>"; };
		FF3FBB8A2D4A77E2E70F5402 /* TransportBar.swift */ = {isa = PBXFileReference; lastKnownFileType = sourcecode.swift; path = TransportBar.swift; sourceTree = "<group>"; };
/* End PBXFileReference section */

/* Begin PBXFrameworksBuildPhase section */
		8E5A56F40F7C6BAC2F0BB31D /* Frameworks */ = {
			isa = PBXFrameworksBuildPhase;
			buildActionMask = 2147483647;
			files = (
				A603491D17D75755E0B98329 /* AetherEngine in Frameworks */,
				6AF3A7E4FBED66F4C6FEF4C7 /* SwiftAssRenderer in Frameworks */,
			);
			runOnlyForDeploymentPostprocessing = 0;
		};
		C18BCD25D335BE99308ED3B9 /* Frameworks */ = {
			isa = PBXFrameworksBuildPhase;
			buildActionMask = 2147483647;
			files = (
				2BBF2825AE3E822E2771F1E1 /* AetherEngine in Frameworks */,
				0DF571E0B19DA9A63AB44B6F /* SwiftAssRenderer in Frameworks */,
				AEB9738E8D88B839A5CE2941 /* Sparkle in Frameworks */,
			);
			runOnlyForDeploymentPostprocessing = 0;
		};
		E3DFEC8FC54099C4F72413DD /* Frameworks */ = {
			isa = PBXFrameworksBuildPhase;
			buildActionMask = 2147483647;
			files = (
				350A66F332222428C8D1526C /* AetherEngine in Frameworks */,
				3515A5F2FDC45748DF70C565 /* SwiftAssRenderer in Frameworks */,
			);
			runOnlyForDeploymentPostprocessing = 0;
		};
/* End PBXFrameworksBuildPhase section */

/* Begin PBXGroup section */
		0A94BCC751151DB0639F5183 /* AetherPlayerTests */ = {
			isa = PBXGroup;
			children = (
				E5346095CF8225533FDB6373 /* AudioDetectionTests.swift */,
				1B8A80F72F03FB387443963F /* AutoHideTests.swift */,
				9354E29DB6BBFF101FA2E23F /* BitmapSubtitleCanvasTests.swift */,
				14E3BEA0F6A5842235C3F9CD /* ForegroundReloadGateTests.swift */,
				93824C28886D126A5CFA790B /* FrameHelpersTests.swift */,
				19A863B99CD855FB7381892A /* LogTimestampTests.swift */,
				7DB907EDE5B05AE6418F2A96 /* MediaURLValidationTests.swift */,
				12A68F5A4C570AB63B8EDB54 /* NowPlayingInfoTests.swift */,
				8FCDFE4C1B93640EA9246DEB /* NowPlayingTextTests.swift */,
				D17295E22783B1BF2B378C1D /* PlatformImageTests.swift */,
				4F9209F5B86360F69FA283B5 /* PlaybackEndedTests.swift */,
				342602BC0F8621EDFB112B64 /* PlayerTouchInputTests.swift */,
				9F41670E23F316F7DBD632FB /* PlaylistTests.swift */,
				9DF027E0C8A452E79A82DC39 /* RecentsStoreTests.swift */,
				78BEA53895E7E40BF129B1C2 /* RepeatModeTests.swift */,
				53FEB8B79DD96C0738631A14 /* ResumePolicyTests.swift */,
				55A0F77B54179E5359D9B25E /* StatsFormatTests.swift */,
				6C7F491313B24CBDDB44433C /* SubtitleLayoutTests.swift */,
				233D66079A84FB8F2D75E290 /* TimecodeTests.swift */,
				CB52AA48E644CC4872D15095 /* TrackMenuModelTests.swift */,
				F3F383828AE63B4C10F0BD63 /* TracksPopoverLayoutTests.swift */,
			);
			path = AetherPlayerTests;
			sourceTree = "<group>";
		};
		2B0084ED9B8C9DA100DE7488 /* NowPlaying */ = {
			isa = PBXGroup;
			children = (
				217C351450619AFE9A1BCEA8 /* NowPlayingController.swift */,
				DC2838BBF6A13734278373BC /* NowPlayingInfo.swift */,
			);
			path = NowPlaying;
			sourceTree = "<group>";
		};
		3162EBDB7E3B8E71418CB090 /* Licenses */ = {
			isa = PBXGroup;
			children = (
				7F99359DAFB704DD01AA498A /* LicensesView.swift */,
				B0747DCD5601C0B338075AEB /* OpenSourceLicenses.swift */,
				A17A9E4BAAA8D00E566057CB /* Texts */,
			);
			path = Licenses;
			sourceTree = "<group>";
		};
		4A64F99ADAA658F8D13CDA3D /* Views */ = {
			isa = PBXGroup;
			children = (
				C54C9AE216A1762DA49ED195 /* ContentView.swift */,
				6F5A68802EC677C97886B469 /* EmptyStateView.swift */,
				AAC23E95A223EDA9374CBC13 /* KeyCatcherView.swift */,
				7EB60DA84476981F3BE35319 /* NowPlayingView.swift */,
				06821F89AD260A5F822118F3 /* OpenURLSheet.swift */,
				16395C04CD0A2CB440938CFB /* PlayerContainerView.swift */,
				439CC143FE95F00283D3643A /* RecentsListView.swift */,
				94A41313B2B883A8EF3F25B1 /* ResumeToastView.swift */,
				D2588343DEF8BDD7262D38D0 /* TracksPopover.swift */,
				FF3FBB8A2D4A77E2E70F5402 /* TransportBar.swift */,
			);
			path = Views;
			sourceTree = "<group>";
		};
		54F0E8218B732087A2400E0D /* Shared */ = {
			isa = PBXGroup;
			children = (
				BF1AEDEAC8AAB0301124E958 /* ASSRenderCoordinator.swift */,
				65874C404DF9FC1FFD48D734 /* ASSSubtitleFrameView.swift */,
				55EDD8AACE0F8656B606E9E3 /* AudioDetection.swift */,
				E8A25FC6F24413CB30BBB817 /* AutoHide.swift */,
				03FFD1A6AA0793487A486CBB /* DiagnosticsLog.swift */,
				8BEDD6CAEF150A1D2B101F70 /* ForegroundReloadGate.swift */,
				A4A25FF62225E199063C147C /* LogTimestamp.swift */,
				BF037FE3C070110E14F06FE3 /* NowPlayingText.swift */,
				5BD1AA1DA044FD139582A22E /* PlayerViewModel.swift */,
				62D1F0BA9870F05C6E4C790B /* RepeatMode.swift */,
				359C1A26BC80A9CB3E38E842 /* StatsFormat.swift */,
				7A6A849203457466945B5B25 /* StatsInspectorView.swift */,
				F280F56F19B82579EFD6A016 /* SubtitleLayout.swift */,
				30CBB7CB72F838E6878B5617 /* SubtitleOverlayView.swift */,
				3476E467BD2ECDE79034721F /* Theme.swift */,
				5B9B310577BF206A568A8F47 /* Timecode.swift */,
				9E0203CEACD715E2952920A0 /* TrackMenuModel.swift */,
				A3D408FE0AD42CD1C921A2CC /* TracksPopoverLayout.swift */,
				978098209C6264EF7BAEADC5 /* FrameExtraction */,
				78E31E9503313008AC4F1994 /* Input */,
				B5336AE9F1219A4C442099D2 /* Library */,
				3162EBDB7E3B8E71418CB090 /* Licenses */,
				2B0084ED9B8C9DA100DE7488 /* NowPlaying */,
				D86B71C9CF4C1FE58257DE43 /* Platform */,
			);
			path = Shared;
			sourceTree = "<group>";
		};
		60FF259B7339DD4122961B93 /* Sources */ = {
			isa = PBXGroup;
			children = (
				EAA719D4E12FEC054D29E6C4 /* iOS */,
				8E76F44B1A1189BB7395CBA9 /* macOS */,
				54F0E8218B732087A2400E0D /* Shared */,
			);
			path = Sources;
			sourceTree = "<group>";
		};
		674897F3AAB002CA01D13E1F /* Tests */ = {
			isa = PBXGroup;
			children = (
				0A94BCC751151DB0639F5183 /* AetherPlayerTests */,
			);
			path = Tests;
			sourceTree = "<group>";
		};
		69C8B572B6A136628A07DC97 /* Input */ = {
			isa = PBXGroup;
			children = (
				863C992E993CB1A4B04430D1 /* DocumentOpen.swift */,
			);
			path = Input;
			sourceTree = "<group>";
		};
		78E31E9503313008AC4F1994 /* Input */ = {
			isa = PBXGroup;
			children = (
				E539D00C05E8347B2ECB7D7B /* MediaURLValidation.swift */,
				462B46AD9B4539E1EB94945C /* PlayerTouchInput.swift */,
			);
			path = Input;
			sourceTree = "<group>";
		};
		8E76F44B1A1189BB7395CBA9 /* macOS */ = {
			isa = PBXGroup;
			children = (
				0044E627C4FAE4B1B16C2D88 /* AetherPlayerApp.swift */,
				D60A607F4CA0C12B40ADC2ED /* AppDelegate.swift */,
				D308DF8EED2CD12AA25B21BE /* Updater.swift */,
				F3B0453CFEB78555F950B7BD /* FrameExtraction */,
				E45E66B84E13BAA6BB37D47C /* Resources */,
				4A64F99ADAA658F8D13CDA3D /* Views */,
			);
			path = macOS;
			sourceTree = "<group>";
		};
		978098209C6264EF7BAEADC5 /* FrameExtraction */ = {
			isa = PBXGroup;
			children = (
				07527B623022238E917E772C /* FrameHelpers.swift */,
				E0321F9F3D323D122E187C9A /* RecentsThumbnailProvider.swift */,
				18D74A200D967B8F7F8FCCFE /* ScrubPreviewProvider.swift */,
			);
			path = FrameExtraction;
			sourceTree = "<group>";
		};
		A17A9E4BAAA8D00E566057CB /* Texts */ = {
			isa = PBXGroup;
			children = (
				7B7B61B417291C603619BD6A /* LicenseText-AetherEngine.txt */,
				E9EFC745F474D4251FDF2AD6 /* LicenseText-dav1d.txt */,
				8259CDF81F750CA5F89DC1DA /* LicenseText-ISC-libass.txt */,
				F4D42E8E69C213FC5252D867 /* LicenseText-LGPL-2.1.txt */,
				0A52E853D2B9309688FDC9C9 /* LicenseText-MIT.txt */,
				B1F3FC537114C70E9C0E2F77 /* LicenseText-Sparkle.txt */,
				6CE2A60423950407199EAB30 /* LicenseText-WTFPL.txt */,
			);
			path = Texts;
			sourceTree = "<group>";
		};
		A394F955E3998BF0D78C9ACC = {
			isa = PBXGroup;
			children = (
				60FF259B7339DD4122961B93 /* Sources */,
				674897F3AAB002CA01D13E1F /* Tests */,
				D89D6DC2B7ED0B934CE5E961 /* Products */,
			);
			sourceTree = "<group>";
		};
		B5336AE9F1219A4C442099D2 /* Library */ = {
			isa = PBXGroup;
			children = (
				43D2433BC60C8A585F552D6C /* BookmarkAccess.swift */,
				F83836A8AF4B2A17F09CF381 /* LiveStreamMemory.swift */,
				E8CA4926E8D060AEB32D7726 /* Playlist.swift */,
				088343A60DB6EE54335AD638 /* RecentItem.swift */,
				6830DEE6BFE30DE2D65F8E30 /* RecentsStore.swift */,
				8AD4FFC87F22BB68E2FFECDC /* ResumePolicy.swift */,
			);
			path = Library;
			sourceTree = "<group>";
		};
		B67B42C0DFEA7FDD8F0362E2 /* Player */ = {
			isa = PBXGroup;
			children = (
				37DE17D6F34C0B2F6318275A /* NowPlayingMetadata.swift */,
				77C9F4C51129E595CAEFB615 /* PlayerChrome.swift */,
				CE2DDBBBB6312540B5B08CCF /* PlayerGestureCatcher.swift */,
				5C93E7A328900B3E6E557922 /* PlayerHostController.swift */,
				BC925D4282CAE12C28EFE9B9 /* PlayerHostController+PiP.swift */,
				6093AE89E2B49F7AC939DDB6 /* PlayerHUD.swift */,
				9F6870E719B7D65D4D1221C0 /* PlayerOrientation.swift */,
				66AC25205E8861A04AF4FBA5 /* PlayerPresenter.swift */,
				D48C1CB9ED2221C6976C2089 /* PlayerScrubBar.swift */,
				EFCA1A079A237DDD7A36E423 /* PlayerSwipeHints.swift */,
				FCE35CB3815E68298357E951 /* PlayerSystemVolume.swift */,
				0D36BC08BAF1C10AD8A74814 /* PlayerTopBar.swift */,
				5CD83E72C558EAC70EE674C5 /* PlayerTransportBar.swift */,
				CA025D523D30164C998D8104 /* TracksSheet.swift */,
			);
			path = Player;
			sourceTree = "<group>";
		};
		BF370B6736AAC1829A07CB0E /* Resources */ = {
			isa = PBXGroup;
			children = (
				671C05102B6D3D4AEAA5F575 /* AetherPlayer-iOS.entitlements */,
				91970F7F30F2FBA31644A28A /* AppIcon.icon */,
				E06ADC032DFF906EFCD8C903 /* Assets.xcassets */,
				88842CE09327DAB35271B7B0 /* Info.plist */,
			);
			path = Resources;
			sourceTree = "<group>";
		};
		CF43056DE1F6AC5DCB821A8C /* Home */ = {
			isa = PBXGroup;
			children = (
				7C626EB46E30AD40CB83A265 /* DiagnosticsShare.swift */,
				28D3465CFF5F0495D9AEEBA2 /* HomeView.swift */,
				733C2CC2BC1883D498A71C92 /* OpenURLSheet.swift */,
				B1A32AE76CE0CEACEF128BD3 /* RecentsGrid.swift */,
			);
			path = Home;
			sourceTree = "<group>";
		};
		D86B71C9CF4C1FE58257DE43 /* Platform */ = {
			isa = PBXGroup;
			children = (
				46C81900DCA15871E1EDA920 /* PlatformImage.swift */,
			);
			path = Platform;
			sourceTree = "<group>";
		};
		D89D6DC2B7ED0B934CE5E961 /* Products */ = {
			isa = PBXGroup;
			children = (
				57EA3A61BD39779C11069DD8 /* AetherPlayer-iOS.app */,
				477866E2C2A619C513E5787A /* AetherPlayer-MAS.app */,
				D6A5F4D0C3E4DB98E768BA0C /* AetherPlayer.app */,
				9B4245211CDE14A288F3A3C6 /* AetherPlayerTests.xctest */,
			);
			name = Products;
			sourceTree = "<group>";
		};
		E45E66B84E13BAA6BB37D47C /* Resources */ = {
			isa = PBXGroup;
			children = (
				7D803E053BB1BADF4754A4DF /* AetherPlayer-MAS.entitlements */,
				4E347D44EE4055516E5418F9 /* AetherPlayer.entitlements */,
				9C83243B99DC03593BA27FD0 /* Assets.xcassets */,
			);
			path = Resources;
			sourceTree = "<group>";
		};
		EAA719D4E12FEC054D29E6C4 /* iOS */ = {
			isa = PBXGroup;
			children = (
				C47FF5223601E1C4A19A9340 /* AetherPlayerApp.swift */,
				757D2F72AFE981617FA7706C /* RootView.swift */,
				CF43056DE1F6AC5DCB821A8C /* Home */,
				69C8B572B6A136628A07DC97 /* Input */,
				B67B42C0DFEA7FDD8F0362E2 /* Player */,
				BF370B6736AAC1829A07CB0E /* Resources */,
			);
			path = iOS;
			sourceTree = "<group>";
		};
		F3B0453CFEB78555F950B7BD /* FrameExtraction */ = {
			isa = PBXGroup;
			children = (
				CF9ACE200E4FCF252E69C38E /* SnapshotSaver.swift */,
			);
			path = FrameExtraction;
			sourceTree = "<group>";
		};
/* End PBXGroup section */

/* Begin PBXNativeTarget section */
		131DA06B3A72288F44E4E81E /* AetherPlayer-iOS */ = {
			isa = PBXNativeTarget;
			buildConfigurationList = F5D8DE604F42F982A8970351 /* Build configuration list for PBXNativeTarget "AetherPlayer-iOS" */;
			buildPhases = (
				FED325BD779DC38DF13D6717 /* Sources */,
				ACAD8B5CA62937A0D3937622 /* Resources */,
				8E5A56F40F7C6BAC2F0BB31D /* Frameworks */,
			);
			buildRules = (
			);
			dependencies = (
			);
			name = "AetherPlayer-iOS";
			packageProductDependencies = (
				ED443FBA5F61168DA684DB8A /* AetherEngine */,
				8FE3F216F8B2322140246EA0 /* SwiftAssRenderer */,
			);
			productName = "AetherPlayer-iOS";
			productReference = 57EA3A61BD39779C11069DD8 /* AetherPlayer-iOS.app */;
			productType = "com.apple.product-type.application";
		};
		7A59B15B32CAF3DAA7394BD5 /* AetherPlayer */ = {
			isa = PBXNativeTarget;
			buildConfigurationList = CF8E374B5637C123A0DB7996 /* Build configuration list for PBXNativeTarget "AetherPlayer" */;
			buildPhases = (
				999E46281DDB867E56F135A8 /* Sources */,
				76CF5B282390FB903310C02A /* Resources */,
				C18BCD25D335BE99308ED3B9 /* Frameworks */,
			);
			buildRules = (
			);
			dependencies = (
			);
			name = AetherPlayer;
			packageProductDependencies = (
				BE33BD5FE909AF50F8938376 /* AetherEngine */,
				BE6437A6A5492A09DB0741D8 /* SwiftAssRenderer */,
				D8CD01999FE428529CC0DB5F /* Sparkle */,
			);
			productName = AetherPlayer;
			productReference = D6A5F4D0C3E4DB98E768BA0C /* AetherPlayer.app */;
			productType = "com.apple.product-type.application";
		};
		98AFFBCD158FF3AC40F10F66 /* AetherPlayerTests */ = {
			isa = PBXNativeTarget;
			buildConfigurationList = B53C1D73F24EAC6E6D635662 /* Build configuration list for PBXNativeTarget "AetherPlayerTests" */;
			buildPhases = (
				2E64C68D3387DE41F58D6905 /* Sources */,
			);
			buildRules = (
			);
			dependencies = (
				57BC7914FB65FAB444205818 /* PBXTargetDependency */,
			);
			name = AetherPlayerTests;
			packageProductDependencies = (
			);
			productName = AetherPlayerTests;
			productReference = 9B4245211CDE14A288F3A3C6 /* AetherPlayerTests.xctest */;
			productType = "com.apple.product-type.bundle.unit-test";
		};
		B7D0B3B9D4D5CF8F6F4BE9E4 /* AetherPlayer-MAS */ = {
			isa = PBXNativeTarget;
			buildConfigurationList = BA4A4566F11E07E0F7AF08CD /* Build configuration list for PBXNativeTarget "AetherPlayer-MAS" */;
			buildPhases = (
				4CD989C38E826A6107DDEE72 /* Sources */,
				010214D97731F446C73BA3EE /* Resources */,
				E3DFEC8FC54099C4F72413DD /* Frameworks */,
			);
			buildRules = (
			);
			dependencies = (
			);
			name = "AetherPlayer-MAS";
			packageProductDependencies = (
				1C268231D2F08158858A8C07 /* AetherEngine */,
				0734913DE5C72B0DC55B26F0 /* SwiftAssRenderer */,
			);
			productName = "AetherPlayer-MAS";
			productReference = 477866E2C2A619C513E5787A /* AetherPlayer-MAS.app */;
			productType = "com.apple.product-type.application";
		};
/* End PBXNativeTarget section */

/* Begin PBXProject section */
		D8BCABAA8DFC78FF1EBB0399 /* Project object */ = {
			isa = PBXProject;
			attributes = {
				BuildIndependentTargetsInParallel = YES;
				LastUpgradeCheck = 1430;
				TargetAttributes = {
					131DA06B3A72288F44E4E81E = {
						DevelopmentTeam = 4NY63S72W9;
						ProvisioningStyle = Automatic;
					};
					B7D0B3B9D4D5CF8F6F4BE9E4 = {
						DevelopmentTeam = 4NY63S72W9;
						ProvisioningStyle = Automatic;
					};
				};
			};
			buildConfigurationList = 39ECF5200BEE907AD5C8944C /* Build configuration list for PBXProject "AetherPlayer" */;
			developmentRegion = en;
			hasScannedForEncodings = 0;
			knownRegions = (
				Base,
				en,
			);
			mainGroup = A394F955E3998BF0D78C9ACC;
			minimizedProjectReferenceProxies = 1;
			packageReferences = (
				01FD55D28DD498C42BB12330 /* XCRemoteSwiftPackageReference "AetherEngine" */,
				5F7234CE368E530069027164 /* XCRemoteSwiftPackageReference "Sparkle" */,
				CCAFC7013C0AF1C5481CE284 /* XCRemoteSwiftPackageReference "swift-ass-renderer" */,
			);
			preferredProjectObjectVersion = 77;
			productRefGroup = D89D6DC2B7ED0B934CE5E961 /* Products */;
			projectDirPath = "";
			projectRoot = "";
			targets = (
				7A59B15B32CAF3DAA7394BD5 /* AetherPlayer */,
				B7D0B3B9D4D5CF8F6F4BE9E4 /* AetherPlayer-MAS */,
				131DA06B3A72288F44E4E81E /* AetherPlayer-iOS */,
				98AFFBCD158FF3AC40F10F66 /* AetherPlayerTests */,
			);
		};
/* End PBXProject section */

/* Begin PBXResourcesBuildPhase section */
		010214D97731F446C73BA3EE /* Resources */ = {
			isa = PBXResourcesBuildPhase;
			buildActionMask = 2147483647;
			files = (
				668DE21D26E3ECCE1A793F17 /* Assets.xcassets in Resources */,
				E57A473AA7AF0A61D24F69DA /* LicenseText-AetherEngine.txt in Resources */,
				1808B2BFE519790FEA820335 /* LicenseText-ISC-libass.txt in Resources */,
				77891F8A6DA6C6E8F66FFF1F /* LicenseText-LGPL-2.1.txt in Resources */,
				A459B215DD7D317356C7DCC9 /* LicenseText-MIT.txt in Resources */,
				D59B5BE5077FA0449827619B /* LicenseText-Sparkle.txt in Resources */,
				023492C87675C8FF7964DA24 /* LicenseText-WTFPL.txt in Resources */,
				5C509DE684E6B3A51CE7F6A3 /* LicenseText-dav1d.txt in Resources */,
			);
			runOnlyForDeploymentPostprocessing = 0;
		};
		76CF5B282390FB903310C02A /* Resources */ = {
			isa = PBXResourcesBuildPhase;
			buildActionMask = 2147483647;
			files = (
				D49ECD5C7B4D7EB3C652EF47 /* Assets.xcassets in Resources */,
				35FDDA2770B32B1ED5A91BB6 /* LicenseText-AetherEngine.txt in Resources */,
				4A71DA3A94B198C4FB5C08C4 /* LicenseText-ISC-libass.txt in Resources */,
				7F90C40A424069D395A53EC5 /* LicenseText-LGPL-2.1.txt in Resources */,
				AE929DCD08AB580128B8951A /* LicenseText-MIT.txt in Resources */,
				D697337C2BBDCB597F108544 /* LicenseText-Sparkle.txt in Resources */,
				7EAA0882EBC3AEC14843580C /* LicenseText-WTFPL.txt in Resources */,
				1B1CB77A6A2A6EB7E4AEE676 /* LicenseText-dav1d.txt in Resources */,
			);
			runOnlyForDeploymentPostprocessing = 0;
		};
		ACAD8B5CA62937A0D3937622 /* Resources */ = {
			isa = PBXResourcesBuildPhase;
			buildActionMask = 2147483647;
			files = (
				1A74F5276AE862228E7EED16 /* AppIcon.icon in Resources */,
				30EF435C47FB2C2E9DF993E0 /* Assets.xcassets in Resources */,
				ED7065D36BC7C087D18C0F1C /* LicenseText-AetherEngine.txt in Resources */,
				D17A9DA48D61429D98305FE6 /* LicenseText-ISC-libass.txt in Resources */,
				0333AD9CE5F4E72BEF0285DA /* LicenseText-LGPL-2.1.txt in Resources */,
				34D63DB228C12BE4D7334019 /* LicenseText-MIT.txt in Resources */,
				DCB06FB865E7D0FEC4590589 /* LicenseText-Sparkle.txt in Resources */,
				88071B87B8BFEAB641737F3E /* LicenseText-WTFPL.txt in Resources */,
				4C71E1474197353B4AEC5330 /* LicenseText-dav1d.txt in Resources */,
			);
			runOnlyForDeploymentPostprocessing = 0;
		};
/* End PBXResourcesBuildPhase section */

/* Begin PBXSourcesBuildPhase section */
		2E64C68D3387DE41F58D6905 /* Sources */ = {
			isa = PBXSourcesBuildPhase;
			buildActionMask = 2147483647;
			files = (
				1DDFAA489E7CE4BA872352D8 /* AudioDetectionTests.swift in Sources */,
				78C6C0C695CCAC4331057E3D /* AutoHideTests.swift in Sources */,
				5B33F227320280EB2995FA41 /* BitmapSubtitleCanvasTests.swift in Sources */,
				38AF4F9F77C542A1F2952463 /* ForegroundReloadGateTests.swift in Sources */,
				6FBBD1001F9F6A7D114635CB /* FrameHelpersTests.swift in Sources */,
				114FD717759E8C421CF01A0A /* LogTimestampTests.swift in Sources */,
				A3C65D087026720E703E354D /* MediaURLValidationTests.swift in Sources */,
				765C3F6F5868875F50607BA4 /* NowPlayingInfoTests.swift in Sources */,
				036CDF97E55D38E210922056 /* NowPlayingTextTests.swift in Sources */,
				FDBB7B52D48490DAC878FC1A /* PlatformImageTests.swift in Sources */,
				D4FC820054DC4FA5F25D77D3 /* PlaybackEndedTests.swift in Sources */,
				572D5FAD5C03C7F13B58BA15 /* PlayerTouchInputTests.swift in Sources */,
				85C0AE7328F9CFA7E91E7BCF /* PlaylistTests.swift in Sources */,
				BE290CC516BBF1F04EF1F3F5 /* RecentsStoreTests.swift in Sources */,
				60548C8382031267A0C8083F /* RepeatModeTests.swift in Sources */,
				B342144744F6F0198B5ED03F /* ResumePolicyTests.swift in Sources */,
				8608361F44B641E95128509E /* StatsFormatTests.swift in Sources */,
				E7F2AAFDB6A45862E2D5B02B /* SubtitleLayoutTests.swift in Sources */,
				3F8D429EA937F104E52CFC4B /* TimecodeTests.swift in Sources */,
				8261B7E3227BAADBB7ACE9DC /* TrackMenuModelTests.swift in Sources */,
				924544DAA487CBDD867CF11B /* TracksPopoverLayoutTests.swift in Sources */,
			);
			runOnlyForDeploymentPostprocessing = 0;
		};
		4CD989C38E826A6107DDEE72 /* Sources */ = {
			isa = PBXSourcesBuildPhase;
			buildActionMask = 2147483647;
			files = (
				C975CCBC03EA46E182EF5C9A /* ASSRenderCoordinator.swift in Sources */,
				330228AA75729CAD9B3D0167 /* ASSSubtitleFrameView.swift in Sources */,
				4FBC90EFE8D3C7125CDE6DD6 /* AetherPlayerApp.swift in Sources */,
				94F780914ECEAE2A8CD4CB0A /* AppDelegate.swift in Sources */,
				1C33BDD5BEDDFE584C6D4287 /* AudioDetection.swift in Sources */,
				13505784F0D81A752DAD2523 /* AutoHide.swift in Sources */,
				B3F56ADC1AA101EDDADB60D0 /* BookmarkAccess.swift in Sources */,
				B401CC30DD59C5283D7026D1 /* ContentView.swift in Sources */,
				D8261A342486CA0C1CB9EAE7 /* DiagnosticsLog.swift in Sources */,
				5E65582A7608F355C9DAF31B /* EmptyStateView.swift in Sources */,
				7BEC8DDC70BB8A975173C112 /* ForegroundReloadGate.swift in Sources */,
				A17DF2841B401D645BE53AA5 /* FrameHelpers.swift in Sources */,
				704103415097E7CEB5494EB3 /* KeyCatcherView.swift in Sources */,
				935C816BF81C602613854D26 /* LicensesView.swift in Sources */,
				8CE9094AB714620EBCD7A850 /* LiveStreamMemory.swift in Sources */,
				F959E47349BE8D2905D5AC02 /* LogTimestamp.swift in Sources */,
				C7C5D2B5FDC175F44827FE9A /* MediaURLValidation.swift in Sources */,
				362709B283E545590B3A093D /* NowPlayingController.swift in Sources */,
				9F68BDDDF59D10B5CDBB913C /* NowPlayingInfo.swift in Sources */,
				A9117937B50F84CFD61E1E9F /* NowPlayingText.swift in Sources */,
				0ABF90989D5F4FEF0E784B11 /* NowPlayingView.swift in Sources */,
				FF8023EB7415554507A1F9ED /* OpenSourceLicenses.swift in Sources */,
				CA0E0D1387494FFEBE96BD8F /* OpenURLSheet.swift in Sources */,
				76A3383CCCED459BC7ECE2A5 /* PlatformImage.swift in Sources */,
				462A3970A6365C009F6BCDA7 /* PlayerContainerView.swift in Sources */,
				C82B2C06030BB74EF77BA9AB /* PlayerTouchInput.swift in Sources */,
				68157C6604447D02E943893A /* PlayerViewModel.swift in Sources */,
				39E6A99680721D8C5E958EF4 /* Playlist.swift in Sources */,
				75F3AB121D354ED420A0B435 /* RecentItem.swift in Sources */,
				F859E5E46B335BBA248DACAF /* RecentsListView.swift in Sources */,
				FA26023CDAE9E1F1EA68DCA9 /* RecentsStore.swift in Sources */,
				C6E47E68D4D906A890B239F9 /* RecentsThumbnailProvider.swift in Sources */,
				A38389CEF3F578AE90F16BFD /* RepeatMode.swift in Sources */,
				F064F8DFA27B96F845B374C0 /* ResumePolicy.swift in Sources */,
				2C82071271B037597ED7C92B /* ResumeToastView.swift in Sources */,
				91F51C1C61251C946874DA5A /* ScrubPreviewProvider.swift in Sources */,
				629DA99DCE0F869EBF82504B /* SnapshotSaver.swift in Sources */,
				8BDFFCC051AF9B51766EC255 /* StatsFormat.swift in Sources */,
				8D5F6978C2068B7C4C3B9A85 /* StatsInspectorView.swift in Sources */,
				25487DEF0B29CDCD57EDAAA4 /* SubtitleLayout.swift in Sources */,
				1061AE0E656EBCE11C1A75A3 /* SubtitleOverlayView.swift in Sources */,
				E6933E40B2144D4A3B2B361E /* Theme.swift in Sources */,
				7056FA21AD89BBFF3E13FF87 /* Timecode.swift in Sources */,
				B1AEB8445FFF9C7FF8774FC0 /* TrackMenuModel.swift in Sources */,
				30677DDDB2990A223FB881EC /* TracksPopover.swift in Sources */,
				264EFF0B1FEE74DB7BAD2182 /* TracksPopoverLayout.swift in Sources */,
				CF045248177D9E553A854F5A /* TransportBar.swift in Sources */,
				98EAB83318281F1C549F328C /* Updater.swift in Sources */,
			);
			runOnlyForDeploymentPostprocessing = 0;
		};
		999E46281DDB867E56F135A8 /* Sources */ = {
			isa = PBXSourcesBuildPhase;
			buildActionMask = 2147483647;
			files = (
				9E31E87A7C9953DAEAFAE55E /* ASSRenderCoordinator.swift in Sources */,
				F6EEC3E3E98D964FB21720C7 /* ASSSubtitleFrameView.swift in Sources */,
				187A2F66EA1F6D73C59389D6 /* AetherPlayerApp.swift in Sources */,
				AAFEBD88FFBF6C60D4107E5B /* AppDelegate.swift in Sources */,
				8B022AE58C093D3FBEDDF8C3 /* AudioDetection.swift in Sources */,
				A3071FD0450D2D814D05CD26 /* AutoHide.swift in Sources */,
				AF324AD1AD686EC180B4DAFB /* BookmarkAccess.swift in Sources */,
				6A32076311E31E4AB04A1240 /* ContentView.swift in Sources */,
				E1E3A1C7125A9895C773AFAB /* DiagnosticsLog.swift in Sources */,
				C3F61046316EFB1DB8E4756B /* EmptyStateView.swift in Sources */,
				781EEB5CE48C1BC497AC4BF7 /* ForegroundReloadGate.swift in Sources */,
				2CD508BDC3CED7F4DCD3C12F /* FrameHelpers.swift in Sources */,
				B4709F3CF66CCD1E5604C00A /* KeyCatcherView.swift in Sources */,
				98BEADC3630E7C446CC51080 /* LicensesView.swift in Sources */,
				6D60A399B4E6079DD2A8F223 /* LiveStreamMemory.swift in Sources */,
				1DF4F4C0E7DE15BBFF2D1021 /* LogTimestamp.swift in Sources */,
				4406DB7A9F0C551BB256BD91 /* MediaURLValidation.swift in Sources */,
				67530FE3A667C1133FF48AC6 /* NowPlayingController.swift in Sources */,
				0E61B5EFDD054E377E4AE488 /* NowPlayingInfo.swift in Sources */,
				EA7255472C958E9F0BCDC3DA /* NowPlayingText.swift in Sources */,
				0975C09419C53B671E23A204 /* NowPlayingView.swift in Sources */,
				5E9BE7FA8BCC960287C1C77B /* OpenSourceLicenses.swift in Sources */,
				373DBBF1691967813DC0EF32 /* OpenURLSheet.swift in Sources */,
				E8543C7413D23F5DBF081941 /* PlatformImage.swift in Sources */,
				8D21D53DB9E3E57C7B10D4EA /* PlayerContainerView.swift in Sources */,
				BD5C4CA808EAB889E146D925 /* PlayerTouchInput.swift in Sources */,
				0A4E878FB8441E513ED83325 /* PlayerViewModel.swift in Sources */,
				F171F25CF286EE36983B5025 /* Playlist.swift in Sources */,
				0A7B9E2F1BBD91E2EFF06045 /* RecentItem.swift in Sources */,
				AC4835B01AFF6F87024D0CB2 /* RecentsListView.swift in Sources */,
				3573351499DFA82C74C4E70A /* RecentsStore.swift in Sources */,
				0E7442C01B8D5738C875055B /* RecentsThumbnailProvider.swift in Sources */,
				844865F8513C24B7DD7C6F00 /* RepeatMode.swift in Sources */,
				58218A40E717B64F04E6F472 /* ResumePolicy.swift in Sources */,
				20E393781BCC716045ADB41B /* ResumeToastView.swift in Sources */,
				AF8CCEDB4FFC6FF44451B1A9 /* ScrubPreviewProvider.swift in Sources */,
				D9F7AD8C9408D2BF3CC35CCC /* SnapshotSaver.swift in Sources */,
				F9C690E6F347FB180897E749 /* StatsFormat.swift in Sources */,
				193A5B4F072BD18CFD783961 /* StatsInspectorView.swift in Sources */,
				0D4A41E95DB1C26A106EFB46 /* SubtitleLayout.swift in Sources */,
				59293256F0AD6AA17DEA2B50 /* SubtitleOverlayView.swift in Sources */,
				4209E251F54A8DBB85434FD6 /* Theme.swift in Sources */,
				C8FEC43F220F0692553C0EC1 /* Timecode.swift in Sources */,
				37A084ACC8457457E9CDEEDA /* TrackMenuModel.swift in Sources */,
				D99EF75F0D51FC11290956D6 /* TracksPopover.swift in Sources */,
				C30AB3D1D49DCC1AAA6133B8 /* TracksPopoverLayout.swift in Sources */,
				E436095A369743D74C6324EA /* TransportBar.swift in Sources */,
				A395CA6E1AE8BA543F44D216 /* Updater.swift in Sources */,
			);
			runOnlyForDeploymentPostprocessing = 0;
		};
		FED325BD779DC38DF13D6717 /* Sources */ = {
			isa = PBXSourcesBuildPhase;
			buildActionMask = 2147483647;
			files = (
				7083F64F6E8D697783330DDD /* ASSRenderCoordinator.swift in Sources */,
				D82071F428C6F141CD8473D1 /* ASSSubtitleFrameView.swift in Sources */,
				9E66100C56519FB85ED1C56A /* AetherPlayerApp.swift in Sources */,
				4660BF300099999142660CF0 /* AudioDetection.swift in Sources */,
				4EA859026A2842AC528B7952 /* AutoHide.swift in Sources */,
				DAE7D6B950B802E07BD7BA76 /* BookmarkAccess.swift in Sources */,
				028099001DBBB6965F41775D /* DiagnosticsLog.swift in Sources */,
				4E936A219A9F5FD42FAFC384 /* DiagnosticsShare.swift in Sources */,
				138F23A7937B52B5BF585705 /* DocumentOpen.swift in Sources */,
				5D826606C9A0AC62C00DD0D2 /* ForegroundReloadGate.swift in Sources */,
				804A8EED9CDD79EE6FCC9219 /* FrameHelpers.swift in Sources */,
				6584E543F4EA895D3FA94718 /* HomeView.swift in Sources */,
				4146AF57E279F59BE5E52468 /* LicensesView.swift in Sources */,
				EED4E6AA62E1F7D59D12E272 /* LiveStreamMemory.swift in Sources */,
				8EE0BDF100456E08A8213CDB /* LogTimestamp.swift in Sources */,
				EF717EEAA60C21C03ABD06B7 /* MediaURLValidation.swift in Sources */,
				9564306450D46CB44EB0BE82 /* NowPlayingController.swift in Sources */,
				B547967C15BA5A650B1C66FC /* NowPlayingInfo.swift in Sources */,
				F85686E1A26D524E82D1C45F /* NowPlayingMetadata.swift in Sources */,
				0401C2F315A2813171D5A46C /* NowPlayingText.swift in Sources */,
				130A7797F12AECD9B3FDCE8D /* OpenSourceLicenses.swift in Sources */,
				6206A834C2C2AE1F3A7E0C4F /* OpenURLSheet.swift in Sources */,
				20C7302CD11CD131C2B132E5 /* PlatformImage.swift in Sources */,
				258B3112C7C258E4A1B53779 /* PlayerChrome.swift in Sources */,
				B57918314852295B89312E9A /* PlayerGestureCatcher.swift in Sources */,
				4B733D3EE962EFF60E10AFAD /* PlayerHUD.swift in Sources */,
				0A32436687A3A4717EF3407F /* PlayerHostController+PiP.swift in Sources */,
				7CF419157386C4D61EBE7145 /* PlayerHostController.swift in Sources */,
				162B39F9E7DCBCFC7D3B2D75 /* PlayerOrientation.swift in Sources */,
				3F28E327585F5EA23B90C03C /* PlayerPresenter.swift in Sources */,
				E42B4D886240BD80B67841DB /* PlayerScrubBar.swift in Sources */,
				D7C0BAE929E86E337CD15374 /* PlayerSwipeHints.swift in Sources */,
				B9E22158D68355A5770250B8 /* PlayerSystemVolume.swift in Sources */,
				5F7EB14E2389F7447FC8287E /* PlayerTopBar.swift in Sources */,
				CDBEA67B7831BEF45F6ED576 /* PlayerTouchInput.swift in Sources */,
				BE1F41A968EC21F1F9B7D3D8 /* PlayerTransportBar.swift in Sources */,
				D4E65258F5ADB0DD399A417A /* PlayerViewModel.swift in Sources */,
				4901A590916A5CF70AADF663 /* Playlist.swift in Sources */,
				ED1821E80966D5FE5D191B6C /* RecentItem.swift in Sources */,
				CA9B252D21393FEDC76068E6 /* RecentsGrid.swift in Sources */,
				BB10656AAB0F86864E0C53D5 /* RecentsStore.swift in Sources */,
				BB2BF88F1F891BF28137C3C6 /* RecentsThumbnailProvider.swift in Sources */,
				C5E1F4F2E24186239DF48E61 /* RepeatMode.swift in Sources */,
				F9CB3BA1F6FEDA1D73BE1EDD /* ResumePolicy.swift in Sources */,
				E77737045F93BB86AF8342AB /* RootView.swift in Sources */,
				5DC3C06DB2CE5395C9501A18 /* ScrubPreviewProvider.swift in Sources */,
				19E322325DD76EF4471FD1D8 /* StatsFormat.swift in Sources */,
				ECCE14AEE15C1373E87B5656 /* StatsInspectorView.swift in Sources */,
				0CD6631D47CFC045789FC4DA /* SubtitleLayout.swift in Sources */,
				B39B76357455EBFB629631CF /* SubtitleOverlayView.swift in Sources */,
				3BA68305878BD9ED17B82F90 /* Theme.swift in Sources */,
				52644B403EB3A37512677022 /* Timecode.swift in Sources */,
				1398F80589624C2DDB808EAB /* TrackMenuModel.swift in Sources */,
				2EE125C67E5A5BE2D65A70BE /* TracksPopoverLayout.swift in Sources */,
				84C248D63EF71D5C7D1CC2B8 /* TracksSheet.swift in Sources */,
			);
			runOnlyForDeploymentPostprocessing = 0;
		};
/* End PBXSourcesBuildPhase section */

/* Begin PBXTargetDependency section */
		57BC7914FB65FAB444205818 /* PBXTargetDependency */ = {
			isa = PBXTargetDependency;
			target = 7A59B15B32CAF3DAA7394BD5 /* AetherPlayer */;
			targetProxy = C86CF576AB1AFBF9B31DF21E /* PBXContainerItemProxy */;
		};
/* End PBXTargetDependency section */

/* Begin XCBuildConfiguration section */
		22B4F377F709ED8C41178C12 /* Release */ = {
			isa = XCBuildConfiguration;
			buildSettings = {
				BUNDLE_LOADER = "$(TEST_HOST)";
				COMBINE_HIDPI_IMAGES = YES;
				GENERATE_INFOPLIST_FILE = YES;
				LD_RUNPATH_SEARCH_PATHS = (
					"$(inherited)",
					"@executable_path/../Frameworks",
					"@loader_path/../Frameworks",
				);
				PRODUCT_BUNDLE_IDENTIFIER = de.superuser404.AetherPlayerTests;
				SDKROOT = macosx;
				TEST_HOST = "$(BUILT_PRODUCTS_DIR)/AetherPlayer.app/Contents/MacOS/AetherPlayer";
			};
			name = Release;
		};
		34683890896EE3C7CE519A2D /* Debug */ = {
			isa = XCBuildConfiguration;
			buildSettings = {
				ASSETCATALOG_COMPILER_APPICON_NAME = AppIcon;
				CODE_SIGN_ENTITLEMENTS = "Sources/macOS/Resources/AetherPlayer-MAS.entitlements";
				CODE_SIGN_STYLE = Automatic;
				COMBINE_HIDPI_IMAGES = YES;
				DEVELOPMENT_TEAM = 4NY63S72W9;
				INFOPLIST_FILE = "Sources/macOS/Resources/Info-MAS.plist";
				LD_RUNPATH_SEARCH_PATHS = (
					"$(inherited)",
					"@executable_path/../Frameworks",
				);
				PRODUCT_BUNDLE_IDENTIFIER = de.superuser404.AetherPlayer;
				PRODUCT_NAME = AetherPlayer;
				SDKROOT = macosx;
			};
			name = Debug;
		};
		5A7D3DD87E6BE57E5DBA6F40 /* Debug */ = {
			isa = XCBuildConfiguration;
			buildSettings = {
				ASSETCATALOG_COMPILER_APPICON_NAME = AppIcon;
				COMBINE_HIDPI_IMAGES = YES;
				INFOPLIST_FILE = Sources/macOS/Resources/Info.plist;
				LD_RUNPATH_SEARCH_PATHS = (
					"$(inherited)",
					"@executable_path/../Frameworks",
				);
				PRODUCT_BUNDLE_IDENTIFIER = de.superuser404.AetherPlayer;
				SDKROOT = macosx;
				SWIFT_ACTIVE_COMPILATION_CONDITIONS = "$(inherited) DIRECT_DISTRIBUTION";
			};
			name = Debug;
		};
		5AB3491DDE23F97429128DD5 /* Debug */ = {
			isa = XCBuildConfiguration;
			buildSettings = {
				ASSETCATALOG_COMPILER_APPICON_NAME = AppIcon;
				CODE_SIGN_ENTITLEMENTS = "Sources/iOS/Resources/AetherPlayer-iOS.entitlements";
				CODE_SIGN_IDENTITY = "iPhone Developer";
				CODE_SIGN_STYLE = Automatic;
				DEVELOPMENT_TEAM = 4NY63S72W9;
				INFOPLIST_FILE = Sources/iOS/Resources/Info.plist;
				LD_RUNPATH_SEARCH_PATHS = (
					"$(inherited)",
					"@executable_path/Frameworks",
				);
				PRODUCT_BUNDLE_IDENTIFIER = de.superuser404.AetherPlayer;
				SDKROOT = iphoneos;
				TARGETED_DEVICE_FAMILY = "1,2";
			};
			name = Debug;
		};
		80CC50FA97C2D1D4EC67D357 /* Release */ = {
			isa = XCBuildConfiguration;
			buildSettings = {
				ALWAYS_SEARCH_USER_PATHS = NO;
				ARCHS = "$(ARCHS_STANDARD)";
				CLANG_ANALYZER_NONNULL = YES;
				CLANG_ANALYZER_NUMBER_OBJECT_CONVERSION = YES_AGGRESSIVE;
				CLANG_CXX_LANGUAGE_STANDARD = "gnu++14";
				CLANG_CXX_LIBRARY = "libc++";
				CLANG_ENABLE_MODULES = YES;
				CLANG_ENABLE_OBJC_ARC = YES;
				CLANG_ENABLE_OBJC_WEAK = YES;
				CLANG_WARN_BLOCK_CAPTURE_AUTORELEASING = YES;
				CLANG_WARN_BOOL_CONVERSION = YES;
				CLANG_WARN_COMMA = YES;
				CLANG_WARN_CONSTANT_CONVERSION = YES;
				CLANG_WARN_DEPRECATED_OBJC_IMPLEMENTATIONS = YES;
				CLANG_WARN_DIRECT_OBJC_ISA_USAGE = YES_ERROR;
				CLANG_WARN_DOCUMENTATION_COMMENTS = YES;
				CLANG_WARN_EMPTY_BODY = YES;
				CLANG_WARN_ENUM_CONVERSION = YES;
				CLANG_WARN_INFINITE_RECURSION = YES;
				CLANG_WARN_INT_CONVERSION = YES;
				CLANG_WARN_NON_LITERAL_NULL_CONVERSION = YES;
				CLANG_WARN_OBJC_IMPLICIT_RETAIN_SELF = YES;
				CLANG_WARN_OBJC_LITERAL_CONVERSION = YES;
				CLANG_WARN_OBJC_ROOT_CLASS = YES_ERROR;
				CLANG_WARN_QUOTED_INCLUDE_IN_FRAMEWORK_HEADER = YES;
				CLANG_WARN_RANGE_LOOP_ANALYSIS = YES;
				CLANG_WARN_STRICT_PROTOTYPES = YES;
				CLANG_WARN_SUSPICIOUS_MOVE = YES;
				CLANG_WARN_UNGUARDED_AVAILABILITY = YES_AGGRESSIVE;
				CLANG_WARN_UNREACHABLE_CODE = YES;
				CLANG_WARN__DUPLICATE_METHOD_MATCH = YES;
				CODE_SIGN_ENTITLEMENTS = Sources/macOS/Resources/AetherPlayer.entitlements;
				COPY_PHASE_STRIP = NO;
				CURRENT_PROJECT_VERSION = 64;
				DEBUG_INFORMATION_FORMAT = "dwarf-with-dsym";
				ENABLE_HARDENED_RUNTIME = YES;
				ENABLE_NS_ASSERTIONS = NO;
				ENABLE_STRICT_OBJC_MSGSEND = YES;
				GCC_C_LANGUAGE_STANDARD = gnu11;
				GCC_NO_COMMON_BLOCKS = YES;
				GCC_WARN_64_TO_32_BIT_CONVERSION = YES;
				GCC_WARN_ABOUT_RETURN_TYPE = YES_ERROR;
				GCC_WARN_UNDECLARED_SELECTOR = YES;
				GCC_WARN_UNINITIALIZED_AUTOS = YES_AGGRESSIVE;
				GCC_WARN_UNUSED_FUNCTION = YES;
				GCC_WARN_UNUSED_VARIABLE = YES;
				IPHONEOS_DEPLOYMENT_TARGET = 17.0;
				LM_SKIP_METADATA_EXTRACTION = YES;
				MACOSX_DEPLOYMENT_TARGET = 14.0;
				MARKETING_VERSION = 0.16.1;
				MTL_ENABLE_DEBUG_INFO = NO;
				MTL_FAST_MATH = YES;
				ONLY_ACTIVE_ARCH = NO;
				PRODUCT_NAME = "$(TARGET_NAME)";
				SWIFT_COMPILATION_MODE = wholemodule;
				SWIFT_OPTIMIZATION_LEVEL = "-O";
				SWIFT_VERSION = 6.0;
			};
			name = Release;
		};
		84E9B8EA5F02B9938CA17596 /* Release */ = {
			isa = XCBuildConfiguration;
			buildSettings = {
				ASSETCATALOG_COMPILER_APPICON_NAME = AppIcon;
				COMBINE_HIDPI_IMAGES = YES;
				INFOPLIST_FILE = Sources/macOS/Resources/Info.plist;
				LD_RUNPATH_SEARCH_PATHS = (
					"$(inherited)",
					"@executable_path/../Frameworks",
				);
				PRODUCT_BUNDLE_IDENTIFIER = de.superuser404.AetherPlayer;
				SDKROOT = macosx;
				SWIFT_ACTIVE_COMPILATION_CONDITIONS = "$(inherited) DIRECT_DISTRIBUTION";
			};
			name = Release;
		};
		962DB276195CF6B9B91DD958 /* Release */ = {
			isa = XCBuildConfiguration;
			buildSettings = {
				ASSETCATALOG_COMPILER_APPICON_NAME = AppIcon;
				CODE_SIGN_ENTITLEMENTS = "Sources/iOS/Resources/AetherPlayer-iOS.entitlements";
				CODE_SIGN_IDENTITY = "iPhone Developer";
				CODE_SIGN_STYLE = Automatic;
				DEVELOPMENT_TEAM = 4NY63S72W9;
				INFOPLIST_FILE = Sources/iOS/Resources/Info.plist;
				LD_RUNPATH_SEARCH_PATHS = (
					"$(inherited)",
					"@executable_path/Frameworks",
				);
				PRODUCT_BUNDLE_IDENTIFIER = de.superuser404.AetherPlayer;
				SDKROOT = iphoneos;
				TARGETED_DEVICE_FAMILY = "1,2";
			};
			name = Release;
		};
		A6D90E2334A4567C27C266AF /* Debug */ = {
			isa = XCBuildConfiguration;
			buildSettings = {
				ALWAYS_SEARCH_USER_PATHS = NO;
				ARCHS = "$(ARCHS_STANDARD)";
				CLANG_ANALYZER_NONNULL = YES;
				CLANG_ANALYZER_NUMBER_OBJECT_CONVERSION = YES_AGGRESSIVE;
				CLANG_CXX_LANGUAGE_STANDARD = "gnu++14";
				CLANG_CXX_LIBRARY = "libc++";
				CLANG_ENABLE_MODULES = YES;
				CLANG_ENABLE_OBJC_ARC = YES;
				CLANG_ENABLE_OBJC_WEAK = YES;
				CLANG_WARN_BLOCK_CAPTURE_AUTORELEASING = YES;
				CLANG_WARN_BOOL_CONVERSION = YES;
				CLANG_WARN_COMMA = YES;
				CLANG_WARN_CONSTANT_CONVERSION = YES;
				CLANG_WARN_DEPRECATED_OBJC_IMPLEMENTATIONS = YES;
				CLANG_WARN_DIRECT_OBJC_ISA_USAGE = YES_ERROR;
				CLANG_WARN_DOCUMENTATION_COMMENTS = YES;
				CLANG_WARN_EMPTY_BODY = YES;
				CLANG_WARN_ENUM_CONVERSION = YES;
				CLANG_WARN_INFINITE_RECURSION = YES;
				CLANG_WARN_INT_CONVERSION = YES;
				CLANG_WARN_NON_LITERAL_NULL_CONVERSION = YES;
				CLANG_WARN_OBJC_IMPLICIT_RETAIN_SELF = YES;
				CLANG_WARN_OBJC_LITERAL_CONVERSION = YES;
				CLANG_WARN_OBJC_ROOT_CLASS = YES_ERROR;
				CLANG_WARN_QUOTED_INCLUDE_IN_FRAMEWORK_HEADER = YES;
				CLANG_WARN_RANGE_LOOP_ANALYSIS = YES;
				CLANG_WARN_STRICT_PROTOTYPES = YES;
				CLANG_WARN_SUSPICIOUS_MOVE = YES;
				CLANG_WARN_UNGUARDED_AVAILABILITY = YES_AGGRESSIVE;
				CLANG_WARN_UNREACHABLE_CODE = YES;
				CLANG_WARN__DUPLICATE_METHOD_MATCH = YES;
				CODE_SIGN_ENTITLEMENTS = Sources/macOS/Resources/AetherPlayer.entitlements;
				COPY_PHASE_STRIP = NO;
				CURRENT_PROJECT_VERSION = 64;
				DEBUG_INFORMATION_FORMAT = dwarf;
				ENABLE_HARDENED_RUNTIME = YES;
				ENABLE_STRICT_OBJC_MSGSEND = YES;
				ENABLE_TESTABILITY = YES;
				GCC_C_LANGUAGE_STANDARD = gnu11;
				GCC_DYNAMIC_NO_PIC = NO;
				GCC_NO_COMMON_BLOCKS = YES;
				GCC_OPTIMIZATION_LEVEL = 0;
				GCC_PREPROCESSOR_DEFINITIONS = (
					"$(inherited)",
					"DEBUG=1",
				);
				GCC_WARN_64_TO_32_BIT_CONVERSION = YES;
				GCC_WARN_ABOUT_RETURN_TYPE = YES_ERROR;
				GCC_WARN_UNDECLARED_SELECTOR = YES;
				GCC_WARN_UNINITIALIZED_AUTOS = YES_AGGRESSIVE;
				GCC_WARN_UNUSED_FUNCTION = YES;
				GCC_WARN_UNUSED_VARIABLE = YES;
				IPHONEOS_DEPLOYMENT_TARGET = 17.0;
				LM_SKIP_METADATA_EXTRACTION = YES;
				MACOSX_DEPLOYMENT_TARGET = 14.0;
				MARKETING_VERSION = 0.16.1;
				MTL_ENABLE_DEBUG_INFO = INCLUDE_SOURCE;
				MTL_FAST_MATH = YES;
				ONLY_ACTIVE_ARCH = YES;
				PRODUCT_NAME = "$(TARGET_NAME)";
				SWIFT_ACTIVE_COMPILATION_CONDITIONS = DEBUG;
				SWIFT_OPTIMIZATION_LEVEL = "-Onone";
				SWIFT_VERSION = 6.0;
			};
			name = Debug;
		};
		B8D2140DC6E7CC844C33E325 /* Release */ = {
			isa = XCBuildConfiguration;
			buildSettings = {
				ASSETCATALOG_COMPILER_APPICON_NAME = AppIcon;
				CODE_SIGN_ENTITLEMENTS = "Sources/macOS/Resources/AetherPlayer-MAS.entitlements";
				CODE_SIGN_STYLE = Automatic;
				COMBINE_HIDPI_IMAGES = YES;
				DEVELOPMENT_TEAM = 4NY63S72W9;
				INFOPLIST_FILE = "Sources/macOS/Resources/Info-MAS.plist";
				LD_RUNPATH_SEARCH_PATHS = (
					"$(inherited)",
					"@executable_path/../Frameworks",
				);
				PRODUCT_BUNDLE_IDENTIFIER = de.superuser404.AetherPlayer;
				PRODUCT_NAME = AetherPlayer;
				SDKROOT = macosx;
			};
			name = Release;
		};
		FC354972C5053A79312A0F5F /* Debug */ = {
			isa = XCBuildConfiguration;
			buildSettings = {
				BUNDLE_LOADER = "$(TEST_HOST)";
				COMBINE_HIDPI_IMAGES = YES;
				GENERATE_INFOPLIST_FILE = YES;
				LD_RUNPATH_SEARCH_PATHS = (
					"$(inherited)",
					"@executable_path/../Frameworks",
					"@loader_path/../Frameworks",
				);
				PRODUCT_BUNDLE_IDENTIFIER = de.superuser404.AetherPlayerTests;
				SDKROOT = macosx;
				TEST_HOST = "$(BUILT_PRODUCTS_DIR)/AetherPlayer.app/Contents/MacOS/AetherPlayer";
			};
			name = Debug;
		};
/* End XCBuildConfiguration section */

/* Begin XCConfigurationList section */
		39ECF5200BEE907AD5C8944C /* Build configuration list for PBXProject "AetherPlayer" */ = {
			isa = XCConfigurationList;
			buildConfigurations = (
				A6D90E2334A4567C27C266AF /* Debug */,
				80CC50FA97C2D1D4EC67D357 /* Release */,
			);
			defaultConfigurationIsVisible = 0;
			defaultConfigurationName = Debug;
		};
		B53C1D73F24EAC6E6D635662 /* Build configuration list for PBXNativeTarget "AetherPlayerTests" */ = {
			isa = XCConfigurationList;
			buildConfigurations = (
				FC354972C5053A79312A0F5F /* Debug */,
				22B4F377F709ED8C41178C12 /* Release */,
			);
			defaultConfigurationIsVisible = 0;
			defaultConfigurationName = Debug;
		};
		BA4A4566F11E07E0F7AF08CD /* Build configuration list for PBXNativeTarget "AetherPlayer-MAS" */ = {
			isa = XCConfigurationList;
			buildConfigurations = (
				34683890896EE3C7CE519A2D /* Debug */,
				B8D2140DC6E7CC844C33E325 /* Release */,
			);
			defaultConfigurationIsVisible = 0;
			defaultConfigurationName = Debug;
		};
		CF8E374B5637C123A0DB7996 /* Build configuration list for PBXNativeTarget "AetherPlayer" */ = {
			isa = XCConfigurationList;
			buildConfigurations = (
				5A7D3DD87E6BE57E5DBA6F40 /* Debug */,
				84E9B8EA5F02B9938CA17596 /* Release */,
			);
			defaultConfigurationIsVisible = 0;
			defaultConfigurationName = Debug;
		};
		F5D8DE604F42F982A8970351 /* Build configuration list for PBXNativeTarget "AetherPlayer-iOS" */ = {
			isa = XCConfigurationList;
			buildConfigurations = (
				5AB3491DDE23F97429128DD5 /* Debug */,
				962DB276195CF6B9B91DD958 /* Release */,
			);
			defaultConfigurationIsVisible = 0;
			defaultConfigurationName = Debug;
		};
/* End XCConfigurationList section */

/* Begin XCRemoteSwiftPackageReference section */
		01FD55D28DD498C42BB12330 /* XCRemoteSwiftPackageReference "AetherEngine" */ = {
			isa = XCRemoteSwiftPackageReference;
			repositoryURL = "https://github.com/superuser404notfound/AetherEngine";
			requirement = {
				kind = revision;
				revision = 6d8e3cc6c3aac7f9feff9166002e0f272c9d1e32;
			};
		};
		5F7234CE368E530069027164 /* XCRemoteSwiftPackageReference "Sparkle" */ = {
			isa = XCRemoteSwiftPackageReference;
			repositoryURL = "https://github.com/sparkle-project/Sparkle";
			requirement = {
				kind = upToNextMajorVersion;
				minimumVersion = 2.6.0;
			};
		};
		CCAFC7013C0AF1C5481CE284 /* XCRemoteSwiftPackageReference "swift-ass-renderer" */ = {
			isa = XCRemoteSwiftPackageReference;
			repositoryURL = "https://github.com/mihai8804858/swift-ass-renderer";
			requirement = {
				kind = exactVersion;
				version = 1.3.1;
			};
		};
/* End XCRemoteSwiftPackageReference section */

/* Begin XCSwiftPackageProductDependency section */
		0734913DE5C72B0DC55B26F0 /* SwiftAssRenderer */ = {
			isa = XCSwiftPackageProductDependency;
			package = CCAFC7013C0AF1C5481CE284 /* XCRemoteSwiftPackageReference "swift-ass-renderer" */;
			productName = SwiftAssRenderer;
		};
		1C268231D2F08158858A8C07 /* AetherEngine */ = {
			isa = XCSwiftPackageProductDependency;
			package = 01FD55D28DD498C42BB12330 /* XCRemoteSwiftPackageReference "AetherEngine" */;
			productName = AetherEngine;
		};
		8FE3F216F8B2322140246EA0 /* SwiftAssRenderer */ = {
			isa = XCSwiftPackageProductDependency;
			package = CCAFC7013C0AF1C5481CE284 /* XCRemoteSwiftPackageReference "swift-ass-renderer" */;
			productName = SwiftAssRenderer;
		};
		BE33BD5FE909AF50F8938376 /* AetherEngine */ = {
			isa = XCSwiftPackageProductDependency;
			package = 01FD55D28DD498C42BB12330 /* XCRemoteSwiftPackageReference "AetherEngine" */;
			productName = AetherEngine;
		};
		BE6437A6A5492A09DB0741D8 /* SwiftAssRenderer */ = {
			isa = XCSwiftPackageProductDependency;
			package = CCAFC7013C0AF1C5481CE284 /* XCRemoteSwiftPackageReference "swift-ass-renderer" */;
			productName = SwiftAssRenderer;
		};
		D8CD01999FE428529CC0DB5F /* Sparkle */ = {
			isa = XCSwiftPackageProductDependency;
			package = 5F7234CE368E530069027164 /* XCRemoteSwiftPackageReference "Sparkle" */;
			productName = Sparkle;
		};
		ED443FBA5F61168DA684DB8A /* AetherEngine */ = {
			isa = XCSwiftPackageProductDependency;
			package = 01FD55D28DD498C42BB12330 /* XCRemoteSwiftPackageReference "AetherEngine" */;
			productName = AetherEngine;
		};
/* End XCSwiftPackageProductDependency section */
	};
	rootObject = D8BCABAA8DFC78FF1EBB0399 /* Project object */;
}
